// !$*UTF8*$!
{
	archiveVersion = 1;
	classes = {
	};
	objectVersion = 46;
	objects = {

/* Begin PBXBuildFile section */
		5B2571B21D4714A100CB4167 /* Foundation+Log.m in Sources */ = {isa = PBXBuildFile; fileRef = 5B2571931D4714A100CB4167 /* Foundation+Log.m */; };
		5B2571B31D4714A100CB4167 /* NSArray+Extension.m in Sources */ = {isa = PBXBuildFile; fileRef = 5B2571951D4714A100CB4167 /* NSArray+Extension.m */; };
		5B2571B41D4714A100CB4167 /* NSDate+Extension.m in Sources */ = {isa = PBXBuildFile; fileRef = 5B2571971D4714A100CB4167 /* NSDate+Extension.m */; };
		5B2571B51D4714A100CB4167 /* NSDate+Helper.m in Sources */ = {isa = PBXBuildFile; fileRef = 5B2571991D4714A100CB4167 /* NSDate+Helper.m */; };
		5B2571B61D4714A100CB4167 /* NSDictionary+Extension.m in Sources */ = {isa = PBXBuildFile; fileRef = 5B25719B1D4714A100CB4167 /* NSDictionary+Extension.m */; };
		5B2571B71D4714A100CB4167 /* NSString+BXExtension.m in Sources */ = {isa = PBXBuildFile; fileRef = 5B25719D1D4714A100CB4167 /* NSString+BXExtension.m */; };
		5B2571B81D4714A100CB4167 /* UIApplication+Extensions.m in Sources */ = {isa = PBXBuildFile; fileRef = 5B25719F1D4714A100CB4167 /* UIApplication+Extensions.m */; };
		5B2571B91D4714A100CB4167 /* UIBarButtonItem+Extension.m in Sources */ = {isa = PBXBuildFile; fileRef = 5B2571A11D4714A100CB4167 /* UIBarButtonItem+Extension.m */; };
		5B2571BA1D4714A100CB4167 /* UIButton+Extension.m in Sources */ = {isa = PBXBuildFile; fileRef = 5B2571A31D4714A100CB4167 /* UIButton+Extension.m */; };
		5B2571BB1D4714A100CB4167 /* UIDevice+DeviceType.m in Sources */ = {isa = PBXBuildFile; fileRef = 5B2571A51D4714A100CB4167 /* UIDevice+DeviceType.m */; };
		5B2571BC1D4714A100CB4167 /* UIFont+Extension.m in Sources */ = {isa = PBXBuildFile; fileRef = 5B2571A71D4714A100CB4167 /* UIFont+Extension.m */; };
		5B2571BD1D4714A100CB4167 /* UIImage+Extension.m in Sources */ = {isa = PBXBuildFile; fileRef = 5B2571A91D4714A100CB4167 /* UIImage+Extension.m */; };
		5B2571BE1D4714A100CB4167 /* UIImage+ScreenShot.m in Sources */ = {isa = PBXBuildFile; fileRef = 5B2571AB1D4714A100CB4167 /* UIImage+ScreenShot.m */; };
		5B2571BF1D4714A100CB4167 /* UILabel+Extension.m in Sources */ = {isa = PBXBuildFile; fileRef = 5B2571AD1D4714A100CB4167 /* UILabel+Extension.m */; };
		5B2571C01D4714A100CB4167 /* UIScreen+Extension.m in Sources */ = {isa = PBXBuildFile; fileRef = 5B2571AF1D4714A100CB4167 /* UIScreen+Extension.m */; };
		5B2571C11D4714A100CB4167 /* UIView+Extension.m in Sources */ = {isa = PBXBuildFile; fileRef = 5B2571B11D4714A100CB4167 /* UIView+Extension.m */; };
		5B2571C91D4714D100CB4167 /* MainNavigationViewController.m in Sources */ = {isa = PBXBuildFile; fileRef = 5B2571C61D4714D100CB4167 /* MainNavigationViewController.m */; };
		5B2571CA1D4714D100CB4167 /* RootVC.m in Sources */ = {isa = PBXBuildFile; fileRef = 5B2571C81D4714D100CB4167 /* RootVC.m */; };
		5B2571CD1D4714D600CB4167 /* MainVC.m in Sources */ = {isa = PBXBuildFile; fileRef = 5B2571CC1D4714D600CB4167 /* MainVC.m */; };
		5B2571F31D4716F800CB4167 /* AFHTTPSessionManager.m in Sources */ = {isa = PBXBuildFile; fileRef = 5B2571E71D4716F800CB4167 /* AFHTTPSessionManager.m */; };
		5B2571F41D4716F800CB4167 /* AFNetworkReachabilityManager.m in Sources */ = {isa = PBXBuildFile; fileRef = 5B2571EA1D4716F800CB4167 /* AFNetworkReachabilityManager.m */; };
		5B2571F51D4716F800CB4167 /* AFSecurityPolicy.m in Sources */ = {isa = PBXBuildFile; fileRef = 5B2571EC1D4716F800CB4167 /* AFSecurityPolicy.m */; };
		5B2571F61D4716F800CB4167 /* AFURLRequestSerialization.m in Sources */ = {isa = PBXBuildFile; fileRef = 5B2571EE1D4716F800CB4167 /* AFURLRequestSerialization.m */; };
		5B2571F71D4716F800CB4167 /* AFURLResponseSerialization.m in Sources */ = {isa = PBXBuildFile; fileRef = 5B2571F01D4716F800CB4167 /* AFURLResponseSerialization.m */; };
		5B2571F81D4716F800CB4167 /* AFURLSessionManager.m in Sources */ = {isa = PBXBuildFile; fileRef = 5B2571F21D4716F800CB4167 /* AFURLSessionManager.m */; };
		5B25724D1D47178500CB4167 /* MKAnnotationView+WebCache.m in Sources */ = {isa = PBXBuildFile; fileRef = 5B25722D1D47178500CB4167 /* MKAnnotationView+WebCache.m */; };
		5B25724E1D47178500CB4167 /* NSData+ImageContentType.m in Sources */ = {isa = PBXBuildFile; fileRef = 5B25722F1D47178500CB4167 /* NSData+ImageContentType.m */; };
		5B25724F1D47178500CB4167 /* SDImageCache.m in Sources */ = {isa = PBXBuildFile; fileRef = 5B2572311D47178500CB4167 /* SDImageCache.m */; };
		5B2572501D47178500CB4167 /* SDWebImageCompat.m in Sources */ = {isa = PBXBuildFile; fileRef = 5B2572331D47178500CB4167 /* SDWebImageCompat.m */; };
		5B2572511D47178500CB4167 /* SDWebImageDecoder.m in Sources */ = {isa = PBXBuildFile; fileRef = 5B2572351D47178500CB4167 /* SDWebImageDecoder.m */; };
		5B2572521D47178500CB4167 /* SDWebImageDownloader.m in Sources */ = {isa = PBXBuildFile; fileRef = 5B2572371D47178500CB4167 /* SDWebImageDownloader.m */; };
		5B2572531D47178500CB4167 /* SDWebImageDownloaderOperation.m in Sources */ = {isa = PBXBuildFile; fileRef = 5B2572391D47178500CB4167 /* SDWebImageDownloaderOperation.m */; };
		5B2572541D47178500CB4167 /* SDWebImageManager.m in Sources */ = {isa = PBXBuildFile; fileRef = 5B25723B1D47178500CB4167 /* SDWebImageManager.m */; };
		5B2572551D47178500CB4167 /* SDWebImagePrefetcher.m in Sources */ = {isa = PBXBuildFile; fileRef = 5B25723E1D47178500CB4167 /* SDWebImagePrefetcher.m */; };
		5B2572561D47178500CB4167 /* UIButton+WebCache.m in Sources */ = {isa = PBXBuildFile; fileRef = 5B2572401D47178500CB4167 /* UIButton+WebCache.m */; };
		5B2572571D47178500CB4167 /* UIImage+GIF.m in Sources */ = {isa = PBXBuildFile; fileRef = 5B2572421D47178500CB4167 /* UIImage+GIF.m */; };
		5B2572581D47178500CB4167 /* UIImage+MultiFormat.m in Sources */ = {isa = PBXBuildFile; fileRef = 5B2572441D47178500CB4167 /* UIImage+MultiFormat.m */; };
		5B2572591D47178500CB4167 /* UIImage+WebP.m in Sources */ = {isa = PBXBuildFile; fileRef = 5B2572461D47178500CB4167 /* UIImage+WebP.m */; };
		5B25725A1D47178500CB4167 /* UIImageView+HighlightedWebCache.m in Sources */ = {isa = PBXBuildFile; fileRef = 5B2572481D47178500CB4167 /* UIImageView+HighlightedWebCache.m */; };
		5B25725B1D47178500CB4167 /* UIImageView+WebCache.m in Sources */ = {isa = PBXBuildFile; fileRef = 5B25724A1D47178500CB4167 /* UIImageView+WebCache.m */; };
		5B25725C1D47178500CB4167 /* UIView+WebCacheOperation.m in Sources */ = {isa = PBXBuildFile; fileRef = 5B25724C1D47178500CB4167 /* UIView+WebCacheOperation.m */; };
		5B25726D1D4738C600CB4167 /* ServicesManager.m in Sources */ = {isa = PBXBuildFile; fileRef = 5B25726A1D4738C600CB4167 /* ServicesManager.m */; };
		5B3632021D4B0E5800D276D1 /* IPAllowVO.m in Sources */ = {isa = PBXBuildFile; fileRef = 5B3632011D4B0E5800D276D1 /* IPAllowVO.m */; };
		5BED6BD91D49F02100C137C5 /* UserVO.m in Sources */ = {isa = PBXBuildFile; fileRef = 5BED6BD81D49F02100C137C5 /* UserVO.m */; };
		5BED6BDF1D49F05400C137C5 /* UDManager.m in Sources */ = {isa = PBXBuildFile; fileRef = 5BED6BDE1D49F05400C137C5 /* UDManager.m */; };
		5BED6BE21D49F9E100C137C5 /* GroupVO.m in Sources */ = {isa = PBXBuildFile; fileRef = 5BED6BE11D49F9E100C137C5 /* GroupVO.m */; };
		5BFFCE3D1D41B9C40066B1B9 /* main.m in Sources */ = {isa = PBXBuildFile; fileRef = 5BFFCE3C1D41B9C40066B1B9 /* main.m */; };
		5BFFCE401D41B9C40066B1B9 /* AppDelegate.m in Sources */ = {isa = PBXBuildFile; fileRef = 5BFFCE3F1D41B9C40066B1B9 /* AppDelegate.m */; };
		5BFFCE481D41B9C40066B1B9 /* Assets.xcassets in Resources */ = {isa = PBXBuildFile; fileRef = 5BFFCE471D41B9C40066B1B9 /* Assets.xcassets */; };
		5BFFCE4B1D41B9C40066B1B9 /* LaunchScreen.storyboard in Resources */ = {isa = PBXBuildFile; fileRef = 5BFFCE491D41B9C40066B1B9 /* LaunchScreen.storyboard */; };
		940D69D41D51811400E1159D /* DocTypeVO.m in Sources */ = {isa = PBXBuildFile; fileRef = 940D69D31D51811400E1159D /* DocTypeVO.m */; };
		940D69D71D51880600E1159D /* DocVO.m in Sources */ = {isa = PBXBuildFile; fileRef = 940D69D61D51880600E1159D /* DocVO.m */; };
		940D69DA1D518DCA00E1159D /* EstateVO.m in Sources */ = {isa = PBXBuildFile; fileRef = 940D69D91D518DCA00E1159D /* EstateVO.m */; };
		940D69DD1D518F8A00E1159D /* RepairStatuVO.m in Sources */ = {isa = PBXBuildFile; fileRef = 940D69DC1D518F8A00E1159D /* RepairStatuVO.m */; };
		940D69E21D518FD900E1159D /* RepairClassVO.m in Sources */ = {isa = PBXBuildFile; fileRef = 940D69E11D518FD900E1159D /* RepairClassVO.m */; };
		940D69E91D51968700E1159D /* AddPublicRepairVO.m in Sources */ = {isa = PBXBuildFile; fileRef = 940D69E41D51968700E1159D /* AddPublicRepairVO.m */; };
		940D69EA1D51968700E1159D /* AddRepairVO.m in Sources */ = {isa = PBXBuildFile; fileRef = 940D69E61D51968700E1159D /* AddRepairVO.m */; };
		940D69EB1D51968700E1159D /* Repair_RootVO.m in Sources */ = {isa = PBXBuildFile; fileRef = 940D69E81D51968700E1159D /* Repair_RootVO.m */; };
		94BF71191D54424900EF1A8D /* RepairVO.m in Sources */ = {isa = PBXBuildFile; fileRef = 94BF71181D54424900EF1A8D /* RepairVO.m */; };
		94BF711C1D5446A500EF1A8D /* RepairTaskVO.m in Sources */ = {isa = PBXBuildFile; fileRef = 94BF711B1D5446A500EF1A8D /* RepairTaskVO.m */; };
		94C040C81D4EEAC300E23969 /* NoticVO.m in Sources */ = {isa = PBXBuildFile; fileRef = 94C040C71D4EEAC300E23969 /* NoticVO.m */; };
		94C040CB1D4F128B00E23969 /* AdVO.m in Sources */ = {isa = PBXBuildFile; fileRef = 94C040CA1D4F128B00E23969 /* AdVO.m */; };
		94E5DAD61D588A7000300585 /* MsgVO.m in Sources */ = {isa = PBXBuildFile; fileRef = 94E5DAD51D588A7000300585 /* MsgVO.m */; };
		94F2356A1D572B2900B829FB /* RepairStatisticVO.m in Sources */ = {isa = PBXBuildFile; fileRef = 94F235691D572B2900B829FB /* RepairStatisticVO.m */; };
		94F2356D1D57339C00B829FB /* TaskVO.m in Sources */ = {isa = PBXBuildFile; fileRef = 94F2356C1D57339C00B829FB /* TaskVO.m */; };
/* End PBXBuildFile section */

/* Begin PBXFileReference section */
		5B2571921D4714A100CB4167 /* BXExtensions.h */ = {isa = PBXFileReference; fileEncoding = 4; lastKnownFileType = sourcecode.c.h; path = BXExtensions.h; sourceTree = "<group>"; };
		5B2571931D4714A100CB4167 /* Foundation+Log.m */ = {isa = PBXFileReference; fileEncoding = 4; lastKnownFileType = sourcecode.c.objc; path = "Foundation+Log.m"; sourceTree = "<group>"; };
		5B2571941D4714A100CB4167 /* NSArray+Extension.h */ = {isa = PBXFileReference; fileEncoding = 4; lastKnownFileType = sourcecode.c.h; path = "NSArray+Extension.h"; sourceTree = "<group>"; };
		5B2571951D4714A100CB4167 /* NSArray+Extension.m */ = {isa = PBXFileReference; fileEncoding = 4; lastKnownFileType = sourcecode.c.objc; path = "NSArray+Extension.m"; sourceTree = "<group>"; };
		5B2571961D4714A100CB4167 /* NSDate+Extension.h */ = {isa = PBXFileReference; fileEncoding = 4; lastKnownFileType = sourcecode.c.h; path = "NSDate+Extension.h"; sourceTree = "<group>"; };
		5B2571971D4714A100CB4167 /* NSDate+Extension.m */ = {isa = PBXFileReference; fileEncoding = 4; lastKnownFileType = sourcecode.c.objc; path = "NSDate+Extension.m"; sourceTree = "<group>"; };
		5B2571981D4714A100CB4167 /* NSDate+Helper.h */ = {isa = PBXFileReference; fileEncoding = 4; lastKnownFileType = sourcecode.c.h; path = "NSDate+Helper.h"; sourceTree = "<group>"; };
		5B2571991D4714A100CB4167 /* NSDate+Helper.m */ = {isa = PBXFileReference; fileEncoding = 4; lastKnownFileType = sourcecode.c.objc; path = "NSDate+Helper.m"; sourceTree = "<group>"; };
		5B25719A1D4714A100CB4167 /* NSDictionary+Extension.h */ = {isa = PBXFileReference; fileEncoding = 4; lastKnownFileType = sourcecode.c.h; path = "NSDictionary+Extension.h"; sourceTree = "<group>"; };
		5B25719B1D4714A100CB4167 /* NSDictionary+Extension.m */ = {isa = PBXFileReference; fileEncoding = 4; lastKnownFileType = sourcecode.c.objc; path = "NSDictionary+Extension.m"; sourceTree = "<group>"; };
		5B25719C1D4714A100CB4167 /* NSString+BXExtension.h */ = {isa = PBXFileReference; fileEncoding = 4; lastKnownFileType = sourcecode.c.h; path = "NSString+BXExtension.h"; sourceTree = "<group>"; };
		5B25719D1D4714A100CB4167 /* NSString+BXExtension.m */ = {isa = PBXFileReference; fileEncoding = 4; lastKnownFileType = sourcecode.c.objc; path = "NSString+BXExtension.m"; sourceTree = "<group>"; };
		5B25719E1D4714A100CB4167 /* UIApplication+Extensions.h */ = {isa = PBXFileReference; fileEncoding = 4; lastKnownFileType = sourcecode.c.h; path = "UIApplication+Extensions.h"; sourceTree = "<group>"; };
		5B25719F1D4714A100CB4167 /* UIApplication+Extensions.m */ = {isa = PBXFileReference; fileEncoding = 4; lastKnownFileType = sourcecode.c.objc; path = "UIApplication+Extensions.m"; sourceTree = "<group>"; };
		5B2571A01D4714A100CB4167 /* UIBarButtonItem+Extension.h */ = {isa = PBXFileReference; fileEncoding = 4; lastKnownFileType = sourcecode.c.h; path = "UIBarButtonItem+Extension.h"; sourceTree = "<group>"; };
		5B2571A11D4714A100CB4167 /* UIBarButtonItem+Extension.m */ = {isa = PBXFileReference; fileEncoding = 4; lastKnownFileType = sourcecode.c.objc; path = "UIBarButtonItem+Extension.m"; sourceTree = "<group>"; };
		5B2571A21D4714A100CB4167 /* UIButton+Extension.h */ = {isa = PBXFileReference; fileEncoding = 4; lastKnownFileType = sourcecode.c.h; path = "UIButton+Extension.h"; sourceTree = "<group>"; };
		5B2571A31D4714A100CB4167 /* UIButton+Extension.m */ = {isa = PBXFileReference; fileEncoding = 4; lastKnownFileType = sourcecode.c.objc; path = "UIButton+Extension.m"; sourceTree = "<group>"; };
		5B2571A41D4714A100CB4167 /* UIDevice+DeviceType.h */ = {isa = PBXFileReference; fileEncoding = 4; lastKnownFileType = sourcecode.c.h; path = "UIDevice+DeviceType.h"; sourceTree = "<group>"; };
		5B2571A51D4714A100CB4167 /* UIDevice+DeviceType.m */ = {isa = PBXFileReference; fileEncoding = 4; lastKnownFileType = sourcecode.c.objc; path = "UIDevice+DeviceType.m"; sourceTree = "<group>"; };
		5B2571A61D4714A100CB4167 /* UIFont+Extension.h */ = {isa = PBXFileReference; fileEncoding = 4; lastKnownFileType = sourcecode.c.h; path = "UIFont+Extension.h"; sourceTree = "<group>"; };
		5B2571A71D4714A100CB4167 /* UIFont+Extension.m */ = {isa = PBXFileReference; fileEncoding = 4; lastKnownFileType = sourcecode.c.objc; path = "UIFont+Extension.m"; sourceTree = "<group>"; };
		5B2571A81D4714A100CB4167 /* UIImage+Extension.h */ = {isa = PBXFileReference; fileEncoding = 4; lastKnownFileType = sourcecode.c.h; path = "UIImage+Extension.h"; sourceTree = "<group>"; };
		5B2571A91D4714A100CB4167 /* UIImage+Extension.m */ = {isa = PBXFileReference; fileEncoding = 4; lastKnownFileType = sourcecode.c.objc; path = "UIImage+Extension.m"; sourceTree = "<group>"; };
		5B2571AA1D4714A100CB4167 /* UIImage+ScreenShot.h */ = {isa = PBXFileReference; fileEncoding = 4; lastKnownFileType = sourcecode.c.h; path = "UIImage+ScreenShot.h"; sourceTree = "<group>"; };
		5B2571AB1D4714A100CB4167 /* UIImage+ScreenShot.m */ = {isa = PBXFileReference; fileEncoding = 4; lastKnownFileType = sourcecode.c.objc; path = "UIImage+ScreenShot.m"; sourceTree = "<group>"; };
		5B2571AC1D4714A100CB4167 /* UILabel+Extension.h */ = {isa = PBXFileReference; fileEncoding = 4; lastKnownFileType = sourcecode.c.h; path = "UILabel+Extension.h"; sourceTree = "<group>"; };
		5B2571AD1D4714A100CB4167 /* UILabel+Extension.m */ = {isa = PBXFileReference; fileEncoding = 4; lastKnownFileType = sourcecode.c.objc; path = "UILabel+Extension.m"; sourceTree = "<group>"; };
		5B2571AE1D4714A100CB4167 /* UIScreen+Extension.h */ = {isa = PBXFileReference; fileEncoding = 4; lastKnownFileType = sourcecode.c.h; path = "UIScreen+Extension.h"; sourceTree = "<group>"; };
		5B2571AF1D4714A100CB4167 /* UIScreen+Extension.m */ = {isa = PBXFileReference; fileEncoding = 4; lastKnownFileType = sourcecode.c.objc; path = "UIScreen+Extension.m"; sourceTree = "<group>"; };
		5B2571B01D4714A100CB4167 /* UIView+Extension.h */ = {isa = PBXFileReference; fileEncoding = 4; lastKnownFileType = sourcecode.c.h; path = "UIView+Extension.h"; sourceTree = "<group>"; };
		5B2571B11D4714A100CB4167 /* UIView+Extension.m */ = {isa = PBXFileReference; fileEncoding = 4; lastKnownFileType = sourcecode.c.objc; path = "UIView+Extension.m"; sourceTree = "<group>"; };
		5B2571C51D4714D100CB4167 /* MainNavigationViewController.h */ = {isa = PBXFileReference; fileEncoding = 4; lastKnownFileType = sourcecode.c.h; path = MainNavigationViewController.h; sourceTree = "<group>"; };
		5B2571C61D4714D100CB4167 /* MainNavigationViewController.m */ = {isa = PBXFileReference; fileEncoding = 4; lastKnownFileType = sourcecode.c.objc; path = MainNavigationViewController.m; sourceTree = "<group>"; };
		5B2571C71D4714D100CB4167 /* RootVC.h */ = {isa = PBXFileReference; fileEncoding = 4; lastKnownFileType = sourcecode.c.h; path = RootVC.h; sourceTree = "<group>"; };
		5B2571C81D4714D100CB4167 /* RootVC.m */ = {isa = PBXFileReference; fileEncoding = 4; lastKnownFileType = sourcecode.c.objc; path = RootVC.m; sourceTree = "<group>"; };
		5B2571CB1D4714D600CB4167 /* MainVC.h */ = {isa = PBXFileReference; fileEncoding = 4; lastKnownFileType = sourcecode.c.h; path = MainVC.h; sourceTree = "<group>"; };
		5B2571CC1D4714D600CB4167 /* MainVC.m */ = {isa = PBXFileReference; fileEncoding = 4; lastKnownFileType = sourcecode.c.objc; path = MainVC.m; sourceTree = "<group>"; };
		5B2571CE1D4714E400CB4167 /* PrefixHeader.pch */ = {isa = PBXFileReference; lastKnownFileType = sourcecode.c.h; path = PrefixHeader.pch; sourceTree = "<group>"; };
		5B2571E61D4716F800CB4167 /* AFHTTPSessionManager.h */ = {isa = PBXFileReference; fileEncoding = 4; lastKnownFileType = sourcecode.c.h; path = AFHTTPSessionManager.h; sourceTree = "<group>"; };
		5B2571E71D4716F800CB4167 /* AFHTTPSessionManager.m */ = {isa = PBXFileReference; fileEncoding = 4; lastKnownFileType = sourcecode.c.objc; path = AFHTTPSessionManager.m; sourceTree = "<group>"; };
		5B2571E81D4716F800CB4167 /* AFNetworking.h */ = {isa = PBXFileReference; fileEncoding = 4; lastKnownFileType = sourcecode.c.h; path = AFNetworking.h; sourceTree = "<group>"; };
		5B2571E91D4716F800CB4167 /* AFNetworkReachabilityManager.h */ = {isa = PBXFileReference; fileEncoding = 4; lastKnownFileType = sourcecode.c.h; path = AFNetworkReachabilityManager.h; sourceTree = "<group>"; };
		5B2571EA1D4716F800CB4167 /* AFNetworkReachabilityManager.m */ = {isa = PBXFileReference; fileEncoding = 4; lastKnownFileType = sourcecode.c.objc; path = AFNetworkReachabilityManager.m; sourceTree = "<group>"; };
		5B2571EB1D4716F800CB4167 /* AFSecurityPolicy.h */ = {isa = PBXFileReference; fileEncoding = 4; lastKnownFileType = sourcecode.c.h; path = AFSecurityPolicy.h; sourceTree = "<group>"; };
		5B2571EC1D4716F800CB4167 /* AFSecurityPolicy.m */ = {isa = PBXFileReference; fileEncoding = 4; lastKnownFileType = sourcecode.c.objc; path = AFSecurityPolicy.m; sourceTree = "<group>"; };
		5B2571ED1D4716F800CB4167 /* AFURLRequestSerialization.h */ = {isa = PBXFileReference; fileEncoding = 4; lastKnownFileType = sourcecode.c.h; path = AFURLRequestSerialization.h; sourceTree = "<group>"; };
		5B2571EE1D4716F800CB4167 /* AFURLRequestSerialization.m */ = {isa = PBXFileReference; fileEncoding = 4; lastKnownFileType = sourcecode.c.objc; path = AFURLRequestSerialization.m; sourceTree = "<group>"; };
		5B2571EF1D4716F800CB4167 /* AFURLResponseSerialization.h */ = {isa = PBXFileReference; fileEncoding = 4; lastKnownFileType = sourcecode.c.h; path = AFURLResponseSerialization.h; sourceTree = "<group>"; };
		5B2571F01D4716F800CB4167 /* AFURLResponseSerialization.m */ = {isa = PBXFileReference; fileEncoding = 4; lastKnownFileType = sourcecode.c.objc; path = AFURLResponseSerialization.m; sourceTree = "<group>"; };
		5B2571F11D4716F800CB4167 /* AFURLSessionManager.h */ = {isa = PBXFileReference; fileEncoding = 4; lastKnownFileType = sourcecode.c.h; path = AFURLSessionManager.h; sourceTree = "<group>"; };
		5B2571F21D4716F800CB4167 /* AFURLSessionManager.m */ = {isa = PBXFileReference; fileEncoding = 4; lastKnownFileType = sourcecode.c.objc; path = AFURLSessionManager.m; sourceTree = "<group>"; };
		5B25722C1D47178500CB4167 /* MKAnnotationView+WebCache.h */ = {isa = PBXFileReference; fileEncoding = 4; lastKnownFileType = sourcecode.c.h; path = "MKAnnotationView+WebCache.h"; sourceTree = "<group>"; };
		5B25722D1D47178500CB4167 /* MKAnnotationView+WebCache.m */ = {isa = PBXFileReference; fileEncoding = 4; lastKnownFileType = sourcecode.c.objc; path = "MKAnnotationView+WebCache.m"; sourceTree = "<group>"; };
		5B25722E1D47178500CB4167 /* NSData+ImageContentType.h */ = {isa = PBXFileReference; fileEncoding = 4; lastKnownFileType = sourcecode.c.h; path = "NSData+ImageContentType.h"; sourceTree = "<group>"; };
		5B25722F1D47178500CB4167 /* NSData+ImageContentType.m */ = {isa = PBXFileReference; fileEncoding = 4; lastKnownFileType = sourcecode.c.objc; path = "NSData+ImageContentType.m"; sourceTree = "<group>"; };
		5B2572301D47178500CB4167 /* SDImageCache.h */ = {isa = PBXFileReference; fileEncoding = 4; lastKnownFileType = sourcecode.c.h; path = SDImageCache.h; sourceTree = "<group>"; };
		5B2572311D47178500CB4167 /* SDImageCache.m */ = {isa = PBXFileReference; fileEncoding = 4; lastKnownFileType = sourcecode.c.objc; path = SDImageCache.m; sourceTree = "<group>"; };
		5B2572321D47178500CB4167 /* SDWebImageCompat.h */ = {isa = PBXFileReference; fileEncoding = 4; lastKnownFileType = sourcecode.c.h; path = SDWebImageCompat.h; sourceTree = "<group>"; };
		5B2572331D47178500CB4167 /* SDWebImageCompat.m */ = {isa = PBXFileReference; fileEncoding = 4; lastKnownFileType = sourcecode.c.objc; path = SDWebImageCompat.m; sourceTree = "<group>"; };
		5B2572341D47178500CB4167 /* SDWebImageDecoder.h */ = {isa = PBXFileReference; fileEncoding = 4; lastKnownFileType = sourcecode.c.h; path = SDWebImageDecoder.h; sourceTree = "<group>"; };
		5B2572351D47178500CB4167 /* SDWebImageDecoder.m */ = {isa = PBXFileReference; fileEncoding = 4; lastKnownFileType = sourcecode.c.objc; path = SDWebImageDecoder.m; sourceTree = "<group>"; };
		5B2572361D47178500CB4167 /* SDWebImageDownloader.h */ = {isa = PBXFileReference; fileEncoding = 4; lastKnownFileType = sourcecode.c.h; path = SDWebImageDownloader.h; sourceTree = "<group>"; };
		5B2572371D47178500CB4167 /* SDWebImageDownloader.m */ = {isa = PBXFileReference; fileEncoding = 4; lastKnownFileType = sourcecode.c.objc; path = SDWebImageDownloader.m; sourceTree = "<group>"; };
		5B2572381D47178500CB4167 /* SDWebImageDownloaderOperation.h */ = {isa = PBXFileReference; fileEncoding = 4; lastKnownFileType = sourcecode.c.h; path = SDWebImageDownloaderOperation.h; sourceTree = "<group>"; };
		5B2572391D47178500CB4167 /* SDWebImageDownloaderOperation.m */ = {isa = PBXFileReference; fileEncoding = 4; lastKnownFileType = sourcecode.c.objc; path = SDWebImageDownloaderOperation.m; sourceTree = "<group>"; };
		5B25723A1D47178500CB4167 /* SDWebImageManager.h */ = {isa = PBXFileReference; fileEncoding = 4; lastKnownFileType = sourcecode.c.h; path = SDWebImageManager.h; sourceTree = "<group>"; };
		5B25723B1D47178500CB4167 /* SDWebImageManager.m */ = {isa = PBXFileReference; fileEncoding = 4; lastKnownFileType = sourcecode.c.objc; path = SDWebImageManager.m; sourceTree = "<group>"; };
		5B25723C1D47178500CB4167 /* SDWebImageOperation.h */ = {isa = PBXFileReference; fileEncoding = 4; lastKnownFileType = sourcecode.c.h; path = SDWebImageOperation.h; sourceTree = "<group>"; };
		5B25723D1D47178500CB4167 /* SDWebImagePrefetcher.h */ = {isa = PBXFileReference; fileEncoding = 4; lastKnownFileType = sourcecode.c.h; path = SDWebImagePrefetcher.h; sourceTree = "<group>"; };
		5B25723E1D47178500CB4167 /* SDWebImagePrefetcher.m */ = {isa = PBXFileReference; fileEncoding = 4; lastKnownFileType = sourcecode.c.objc; path = SDWebImagePrefetcher.m; sourceTree = "<group>"; };
		5B25723F1D47178500CB4167 /* UIButton+WebCache.h */ = {isa = PBXFileReference; fileEncoding = 4; lastKnownFileType = sourcecode.c.h; path = "UIButton+WebCache.h"; sourceTree = "<group>"; };
		5B2572401D47178500CB4167 /* UIButton+WebCache.m */ = {isa = PBXFileReference; fileEncoding = 4; lastKnownFileType = sourcecode.c.objc; path = "UIButton+WebCache.m"; sourceTree = "<group>"; };
		5B2572411D47178500CB4167 /* UIImage+GIF.h */ = {isa = PBXFileReference; fileEncoding = 4; lastKnownFileType = sourcecode.c.h; path = "UIImage+GIF.h"; sourceTree = "<group>"; };
		5B2572421D47178500CB4167 /* UIImage+GIF.m */ = {isa = PBXFileReference; fileEncoding = 4; lastKnownFileType = sourcecode.c.objc; path = "UIImage+GIF.m"; sourceTree = "<group>"; };
		5B2572431D47178500CB4167 /* UIImage+MultiFormat.h */ = {isa = PBXFileReference; fileEncoding = 4; lastKnownFileType = sourcecode.c.h; path = "UIImage+MultiFormat.h"; sourceTree = "<group>"; };
		5B2572441D47178500CB4167 /* UIImage+MultiFormat.m */ = {isa = PBXFileReference; fileEncoding = 4; lastKnownFileType = sourcecode.c.objc; path = "UIImage+MultiFormat.m"; sourceTree = "<group>"; };
		5B2572451D47178500CB4167 /* UIImage+WebP.h */ = {isa = PBXFileReference; fileEncoding = 4; lastKnownFileType = sourcecode.c.h; path = "UIImage+WebP.h"; sourceTree = "<group>"; };
		5B2572461D47178500CB4167 /* UIImage+WebP.m */ = {isa = PBXFileReference; fileEncoding = 4; lastKnownFileType = sourcecode.c.objc; path = "UIImage+WebP.m"; sourceTree = "<group>"; };
		5B2572471D47178500CB4167 /* UIImageView+HighlightedWebCache.h */ = {isa = PBXFileReference; fileEncoding = 4; lastKnownFileType = sourcecode.c.h; path = "UIImageView+HighlightedWebCache.h"; sourceTree = "<group>"; };
		5B2572481D47178500CB4167 /* UIImageView+HighlightedWebCache.m */ = {isa = PBXFileReference; fileEncoding = 4; lastKnownFileType = sourcecode.c.objc; path = "UIImageView+HighlightedWebCache.m"; sourceTree = "<group>"; };
		5B2572491D47178500CB4167 /* UIImageView+WebCache.h */ = {isa = PBXFileReference; fileEncoding = 4; lastKnownFileType = sourcecode.c.h; path = "UIImageView+WebCache.h"; sourceTree = "<group>"; };
		5B25724A1D47178500CB4167 /* UIImageView+WebCache.m */ = {isa = PBXFileReference; fileEncoding = 4; lastKnownFileType = sourcecode.c.objc; path = "UIImageView+WebCache.m"; sourceTree = "<group>"; };
		5B25724B1D47178500CB4167 /* UIView+WebCacheOperation.h */ = {isa = PBXFileReference; fileEncoding = 4; lastKnownFileType = sourcecode.c.h; path = "UIView+WebCacheOperation.h"; sourceTree = "<group>"; };
		5B25724C1D47178500CB4167 /* UIView+WebCacheOperation.m */ = {isa = PBXFileReference; fileEncoding = 4; lastKnownFileType = sourcecode.c.objc; path = "UIView+WebCacheOperation.m"; sourceTree = "<group>"; };
		5B2572691D4738C600CB4167 /* ServicesManager.h */ = {isa = PBXFileReference; fileEncoding = 4; lastKnownFileType = sourcecode.c.h; name = ServicesManager.h; path = API/ServicesManager.h; sourceTree = "<group>"; };
		5B25726A1D4738C600CB4167 /* ServicesManager.m */ = {isa = PBXFileReference; fileEncoding = 4; lastKnownFileType = sourcecode.c.objc; name = ServicesManager.m; path = API/ServicesManager.m; sourceTree = "<group>"; };
		5B3632001D4B0E5800D276D1 /* IPAllowVO.h */ = {isa = PBXFileReference; fileEncoding = 4; lastKnownFileType = sourcecode.c.h; path = IPAllowVO.h; sourceTree = "<group>"; };
		5B3632011D4B0E5800D276D1 /* IPAllowVO.m */ = {isa = PBXFileReference; fileEncoding = 4; lastKnownFileType = sourcecode.c.objc; path = IPAllowVO.m; sourceTree = "<group>"; };
		5BED6BD71D49F02100C137C5 /* UserVO.h */ = {isa = PBXFileReference; fileEncoding = 4; lastKnownFileType = sourcecode.c.h; path = UserVO.h; sourceTree = "<group>"; };
		5BED6BD81D49F02100C137C5 /* UserVO.m */ = {isa = PBXFileReference; fileEncoding = 4; lastKnownFileType = sourcecode.c.objc; path = UserVO.m; sourceTree = "<group>"; };
		5BED6BDD1D49F05400C137C5 /* UDManager.h */ = {isa = PBXFileReference; fileEncoding = 4; lastKnownFileType = sourcecode.c.h; path = UDManager.h; sourceTree = "<group>"; };
		5BED6BDE1D49F05400C137C5 /* UDManager.m */ = {isa = PBXFileReference; fileEncoding = 4; lastKnownFileType = sourcecode.c.objc; path = UDManager.m; sourceTree = "<group>"; };
		5BED6BE01D49F9E100C137C5 /* GroupVO.h */ = {isa = PBXFileReference; fileEncoding = 4; lastKnownFileType = sourcecode.c.h; path = GroupVO.h; sourceTree = "<group>"; };
		5BED6BE11D49F9E100C137C5 /* GroupVO.m */ = {isa = PBXFileReference; fileEncoding = 4; lastKnownFileType = sourcecode.c.objc; path = GroupVO.m; sourceTree = "<group>"; };
		5BFFCE381D41B9C40066B1B9 /* THWY_Server.app */ = {isa = PBXFileReference; explicitFileType = wrapper.application; includeInIndex = 0; path = THWY_Server.app; sourceTree = BUILT_PRODUCTS_DIR; };
		5BFFCE3C1D41B9C40066B1B9 /* main.m */ = {isa = PBXFileReference; lastKnownFileType = sourcecode.c.objc; path = main.m; sourceTree = "<group>"; };
		5BFFCE3E1D41B9C40066B1B9 /* AppDelegate.h */ = {isa = PBXFileReference; lastKnownFileType = sourcecode.c.h; path = AppDelegate.h; sourceTree = "<group>"; };
		5BFFCE3F1D41B9C40066B1B9 /* AppDelegate.m */ = {isa = PBXFileReference; lastKnownFileType = sourcecode.c.objc; path = AppDelegate.m; sourceTree = "<group>"; };
		5BFFCE471D41B9C40066B1B9 /* Assets.xcassets */ = {isa = PBXFileReference; lastKnownFileType = folder.assetcatalog; path = Assets.xcassets; sourceTree = "<group>"; };
		5BFFCE4A1D41B9C40066B1B9 /* Base */ = {isa = PBXFileReference; lastKnownFileType = file.storyboard; name = Base; path = Base.lproj/LaunchScreen.storyboard; sourceTree = "<group>"; };
		5BFFCE4C1D41B9C40066B1B9 /* Info.plist */ = {isa = PBXFileReference; lastKnownFileType = text.plist.xml; path = Info.plist; sourceTree = "<group>"; };
		940D69D21D51811400E1159D /* DocTypeVO.h */ = {isa = PBXFileReference; fileEncoding = 4; lastKnownFileType = sourcecode.c.h; path = DocTypeVO.h; sourceTree = "<group>"; };
		940D69D31D51811400E1159D /* DocTypeVO.m */ = {isa = PBXFileReference; fileEncoding = 4; lastKnownFileType = sourcecode.c.objc; path = DocTypeVO.m; sourceTree = "<group>"; };
		940D69D51D51880600E1159D /* DocVO.h */ = {isa = PBXFileReference; fileEncoding = 4; lastKnownFileType = sourcecode.c.h; path = DocVO.h; sourceTree = "<group>"; };
		940D69D61D51880600E1159D /* DocVO.m */ = {isa = PBXFileReference; fileEncoding = 4; lastKnownFileType = sourcecode.c.objc; path = DocVO.m; sourceTree = "<group>"; };
		940D69D81D518DCA00E1159D /* EstateVO.h */ = {isa = PBXFileReference; fileEncoding = 4; lastKnownFileType = sourcecode.c.h; path = EstateVO.h; sourceTree = "<group>"; };
		940D69D91D518DCA00E1159D /* EstateVO.m */ = {isa = PBXFileReference; fileEncoding = 4; lastKnownFileType = sourcecode.c.objc; path = EstateVO.m; sourceTree = "<group>"; };
		940D69DB1D518F8A00E1159D /* RepairStatuVO.h */ = {isa = PBXFileReference; fileEncoding = 4; lastKnownFileType = sourcecode.c.h; path = RepairStatuVO.h; sourceTree = "<group>"; };
		940D69DC1D518F8A00E1159D /* RepairStatuVO.m */ = {isa = PBXFileReference; fileEncoding = 4; lastKnownFileType = sourcecode.c.objc; path = RepairStatuVO.m; sourceTree = "<group>"; };
		940D69E01D518FD900E1159D /* RepairClassVO.h */ = {isa = PBXFileReference; fileEncoding = 4; lastKnownFileType = sourcecode.c.h; path = RepairClassVO.h; sourceTree = "<group>"; };
		940D69E11D518FD900E1159D /* RepairClassVO.m */ = {isa = PBXFileReference; fileEncoding = 4; lastKnownFileType = sourcecode.c.objc; path = RepairClassVO.m; sourceTree = "<group>"; };
		940D69E31D51968700E1159D /* AddPublicRepairVO.h */ = {isa = PBXFileReference; fileEncoding = 4; lastKnownFileType = sourcecode.c.h; path = AddPublicRepairVO.h; sourceTree = "<group>"; };
		940D69E41D51968700E1159D /* AddPublicRepairVO.m */ = {isa = PBXFileReference; fileEncoding = 4; lastKnownFileType = sourcecode.c.objc; path = AddPublicRepairVO.m; sourceTree = "<group>"; };
		940D69E51D51968700E1159D /* AddRepairVO.h */ = {isa = PBXFileReference; fileEncoding = 4; lastKnownFileType = sourcecode.c.h; path = AddRepairVO.h; sourceTree = "<group>"; };
		940D69E61D51968700E1159D /* AddRepairVO.m */ = {isa = PBXFileReference; fileEncoding = 4; lastKnownFileType = sourcecode.c.objc; path = AddRepairVO.m; sourceTree = "<group>"; };
		940D69E71D51968700E1159D /* Repair_RootVO.h */ = {isa = PBXFileReference; fileEncoding = 4; lastKnownFileType = sourcecode.c.h; path = Repair_RootVO.h; sourceTree = "<group>"; };
		940D69E81D51968700E1159D /* Repair_RootVO.m */ = {isa = PBXFileReference; fileEncoding = 4; lastKnownFileType = sourcecode.c.objc; path = Repair_RootVO.m; sourceTree = "<group>"; };
		94BF71171D54424900EF1A8D /* RepairVO.h */ = {isa = PBXFileReference; fileEncoding = 4; lastKnownFileType = sourcecode.c.h; path = RepairVO.h; sourceTree = "<group>"; };
		94BF71181D54424900EF1A8D /* RepairVO.m */ = {isa = PBXFileReference; fileEncoding = 4; lastKnownFileType = sourcecode.c.objc; path = RepairVO.m; sourceTree = "<group>"; };
		94BF711A1D5446A500EF1A8D /* RepairTaskVO.h */ = {isa = PBXFileReference; fileEncoding = 4; lastKnownFileType = sourcecode.c.h; path = RepairTaskVO.h; sourceTree = "<group>"; };
		94BF711B1D5446A500EF1A8D /* RepairTaskVO.m */ = {isa = PBXFileReference; fileEncoding = 4; lastKnownFileType = sourcecode.c.objc; path = RepairTaskVO.m; sourceTree = "<group>"; };
		94C040C61D4EEAC300E23969 /* NoticVO.h */ = {isa = PBXFileReference; fileEncoding = 4; lastKnownFileType = sourcecode.c.h; path = NoticVO.h; sourceTree = "<group>"; };
		94C040C71D4EEAC300E23969 /* NoticVO.m */ = {isa = PBXFileReference; fileEncoding = 4; lastKnownFileType = sourcecode.c.objc; path = NoticVO.m; sourceTree = "<group>"; };
		94C040C91D4F128B00E23969 /* AdVO.h */ = {isa = PBXFileReference; fileEncoding = 4; lastKnownFileType = sourcecode.c.h; path = AdVO.h; sourceTree = "<group>"; };
		94C040CA1D4F128B00E23969 /* AdVO.m */ = {isa = PBXFileReference; fileEncoding = 4; lastKnownFileType = sourcecode.c.objc; path = AdVO.m; sourceTree = "<group>"; };
		94E5DAD41D588A7000300585 /* MsgVO.h */ = {isa = PBXFileReference; fileEncoding = 4; lastKnownFileType = sourcecode.c.h; path = MsgVO.h; sourceTree = "<group>"; };
		94E5DAD51D588A7000300585 /* MsgVO.m */ = {isa = PBXFileReference; fileEncoding = 4; lastKnownFileType = sourcecode.c.objc; path = MsgVO.m; sourceTree = "<group>"; };
		94F235681D572B2900B829FB /* RepairStatisticVO.h */ = {isa = PBXFileReference; fileEncoding = 4; lastKnownFileType = sourcecode.c.h; path = RepairStatisticVO.h; sourceTree = "<group>"; };
		94F235691D572B2900B829FB /* RepairStatisticVO.m */ = {isa = PBXFileReference; fileEncoding = 4; lastKnownFileType = sourcecode.c.objc; path = RepairStatisticVO.m; sourceTree = "<group>"; };
		94F2356B1D57339C00B829FB /* TaskVO.h */ = {isa = PBXFileReference; fileEncoding = 4; lastKnownFileType = sourcecode.c.h; path = TaskVO.h; sourceTree = "<group>"; };
		94F2356C1D57339C00B829FB /* TaskVO.m */ = {isa = PBXFileReference; fileEncoding = 4; lastKnownFileType = sourcecode.c.objc; path = TaskVO.m; sourceTree = "<group>"; };
/* End PBXFileReference section */

/* Begin PBXFrameworksBuildPhase section */
		5BFFCE351D41B9C40066B1B9 /* Frameworks */ = {
			isa = PBXFrameworksBuildPhase;
			buildActionMask = 2147483647;
			files = (
			);
			runOnlyForDeploymentPostprocessing = 0;
		};
/* End PBXFrameworksBuildPhase section */

/* Begin PBXGroup section */
		5B25718C1D47144400CB4167 /* view */ = {
			isa = PBXGroup;
			children = (
			);
			name = view;
			sourceTree = "<group>";
		};
		5B25718E1D47148000CB4167 /* viewController */ = {
			isa = PBXGroup;
			children = (
				5B2571C21D4714AE00CB4167 /* MainController */,
				5B2571C31D4714B600CB4167 /* ChildController */,
				5B2571C41D4714BD00CB4167 /* OtherController */,
			);
			name = viewController;
			sourceTree = "<group>";
		};
		5B25718F1D47148800CB4167 /* model */ = {
			isa = PBXGroup;
			children = (
				5BED6BD71D49F02100C137C5 /* UserVO.h */,
				5BED6BD81D49F02100C137C5 /* UserVO.m */,
				5BED6BE01D49F9E100C137C5 /* GroupVO.h */,
				5BED6BE11D49F9E100C137C5 /* GroupVO.m */,
				5B3632001D4B0E5800D276D1 /* IPAllowVO.h */,
				5B3632011D4B0E5800D276D1 /* IPAllowVO.m */,
				94C040C61D4EEAC300E23969 /* NoticVO.h */,
				94C040C71D4EEAC300E23969 /* NoticVO.m */,
				94C040C91D4F128B00E23969 /* AdVO.h */,
				94C040CA1D4F128B00E23969 /* AdVO.m */,
				940D69D21D51811400E1159D /* DocTypeVO.h */,
				940D69D31D51811400E1159D /* DocTypeVO.m */,
				940D69D51D51880600E1159D /* DocVO.h */,
				940D69D61D51880600E1159D /* DocVO.m */,
				940D69D81D518DCA00E1159D /* EstateVO.h */,
				940D69D91D518DCA00E1159D /* EstateVO.m */,
				94BF71171D54424900EF1A8D /* RepairVO.h */,
				94BF71181D54424900EF1A8D /* RepairVO.m */,
				940D69E01D518FD900E1159D /* RepairClassVO.h */,
				940D69E11D518FD900E1159D /* RepairClassVO.m */,
				940D69DB1D518F8A00E1159D /* RepairStatuVO.h */,
				940D69DC1D518F8A00E1159D /* RepairStatuVO.m */,
				94BF711A1D5446A500EF1A8D /* RepairTaskVO.h */,
				94BF711B1D5446A500EF1A8D /* RepairTaskVO.m */,
				940D69E31D51968700E1159D /* AddPublicRepairVO.h */,
				940D69E41D51968700E1159D /* AddPublicRepairVO.m */,
				940D69E51D51968700E1159D /* AddRepairVO.h */,
				940D69E61D51968700E1159D /* AddRepairVO.m */,
				940D69E71D51968700E1159D /* Repair_RootVO.h */,
				940D69E81D51968700E1159D /* Repair_RootVO.m */,
				94F235681D572B2900B829FB /* RepairStatisticVO.h */,
				94F235691D572B2900B829FB /* RepairStatisticVO.m */,
				94F2356B1D57339C00B829FB /* TaskVO.h */,
				94F2356C1D57339C00B829FB /* TaskVO.m */,
				94E5DAD41D588A7000300585 /* MsgVO.h */,
				94E5DAD51D588A7000300585 /* MsgVO.m */,
			);
			name = model;
			sourceTree = "<group>";
		};
		5B2571901D47148D00CB4167 /* uitil */ = {
			isa = PBXGroup;
			children = (
				5B2572691D4738C600CB4167 /* ServicesManager.h */,
				5B25726A1D4738C600CB4167 /* ServicesManager.m */,
				5BED6BDD1D49F05400C137C5 /* UDManager.h */,
				5BED6BDE1D49F05400C137C5 /* UDManager.m */,
				5B2571911D4714A100CB4167 /* tools */,
			);
			name = uitil;
			sourceTree = "<group>";
		};
		5B2571911D4714A100CB4167 /* tools */ = {
			isa = PBXGroup;
			children = (
				5B2571921D4714A100CB4167 /* BXExtensions.h */,
				5B2571931D4714A100CB4167 /* Foundation+Log.m */,
				5B2571941D4714A100CB4167 /* NSArray+Extension.h */,
				5B2571951D4714A100CB4167 /* NSArray+Extension.m */,
				5B2571961D4714A100CB4167 /* NSDate+Extension.h */,
				5B2571971D4714A100CB4167 /* NSDate+Extension.m */,
				5B2571981D4714A100CB4167 /* NSDate+Helper.h */,
				5B2571991D4714A100CB4167 /* NSDate+Helper.m */,
				5B25719A1D4714A100CB4167 /* NSDictionary+Extension.h */,
				5B25719B1D4714A100CB4167 /* NSDictionary+Extension.m */,
				5B25719C1D4714A100CB4167 /* NSString+BXExtension.h */,
				5B25719D1D4714A100CB4167 /* NSString+BXExtension.m */,
				5B25719E1D4714A100CB4167 /* UIApplication+Extensions.h */,
				5B25719F1D4714A100CB4167 /* UIApplication+Extensions.m */,
				5B2571A01D4714A100CB4167 /* UIBarButtonItem+Extension.h */,
				5B2571A11D4714A100CB4167 /* UIBarButtonItem+Extension.m */,
				5B2571A21D4714A100CB4167 /* UIButton+Extension.h */,
				5B2571A31D4714A100CB4167 /* UIButton+Extension.m */,
				5B2571A41D4714A100CB4167 /* UIDevice+DeviceType.h */,
				5B2571A51D4714A100CB4167 /* UIDevice+DeviceType.m */,
				5B2571A61D4714A100CB4167 /* UIFont+Extension.h */,
				5B2571A71D4714A100CB4167 /* UIFont+Extension.m */,
				5B2571A81D4714A100CB4167 /* UIImage+Extension.h */,
				5B2571A91D4714A100CB4167 /* UIImage+Extension.m */,
				5B2571AA1D4714A100CB4167 /* UIImage+ScreenShot.h */,
				5B2571AB1D4714A100CB4167 /* UIImage+ScreenShot.m */,
				5B2571AC1D4714A100CB4167 /* UILabel+Extension.h */,
				5B2571AD1D4714A100CB4167 /* UILabel+Extension.m */,
				5B2571AE1D4714A100CB4167 /* UIScreen+Extension.h */,
				5B2571AF1D4714A100CB4167 /* UIScreen+Extension.m */,
				5B2571B01D4714A100CB4167 /* UIView+Extension.h */,
				5B2571B11D4714A100CB4167 /* UIView+Extension.m */,
			);
			path = tools;
			sourceTree = "<group>";
		};
		5B2571C21D4714AE00CB4167 /* MainController */ = {
			isa = PBXGroup;
			children = (
				5B2571C51D4714D100CB4167 /* MainNavigationViewController.h */,
				5B2571C61D4714D100CB4167 /* MainNavigationViewController.m */,
				5B2571C71D4714D100CB4167 /* RootVC.h */,
				5B2571C81D4714D100CB4167 /* RootVC.m */,
			);
			name = MainController;
			sourceTree = "<group>";
		};
		5B2571C31D4714B600CB4167 /* ChildController */ = {
			isa = PBXGroup;
			children = (
				5B2571CB1D4714D600CB4167 /* MainVC.h */,
				5B2571CC1D4714D600CB4167 /* MainVC.m */,
			);
			name = ChildController;
			sourceTree = "<group>";
		};
		5B2571C41D4714BD00CB4167 /* OtherController */ = {
			isa = PBXGroup;
			children = (
			);
			name = OtherController;
			sourceTree = "<group>";
		};
		5B2571D01D47169E00CB4167 /* 3rd */ = {
			isa = PBXGroup;
			children = (
				5B25722B1D47178500CB4167 /* SDWebImage */,
				5B2571E51D4716F800CB4167 /* AFNetworking */,
			);
			name = 3rd;
			sourceTree = "<group>";
		};
		5B2571E51D4716F800CB4167 /* AFNetworking */ = {
			isa = PBXGroup;
			children = (
				5B2571E61D4716F800CB4167 /* AFHTTPSessionManager.h */,
				5B2571E71D4716F800CB4167 /* AFHTTPSessionManager.m */,
				5B2571E81D4716F800CB4167 /* AFNetworking.h */,
				5B2571E91D4716F800CB4167 /* AFNetworkReachabilityManager.h */,
				5B2571EA1D4716F800CB4167 /* AFNetworkReachabilityManager.m */,
				5B2571EB1D4716F800CB4167 /* AFSecurityPolicy.h */,
				5B2571EC1D4716F800CB4167 /* AFSecurityPolicy.m */,
				5B2571ED1D4716F800CB4167 /* AFURLRequestSerialization.h */,
				5B2571EE1D4716F800CB4167 /* AFURLRequestSerialization.m */,
				5B2571EF1D4716F800CB4167 /* AFURLResponseSerialization.h */,
				5B2571F01D4716F800CB4167 /* AFURLResponseSerialization.m */,
				5B2571F11D4716F800CB4167 /* AFURLSessionManager.h */,
				5B2571F21D4716F800CB4167 /* AFURLSessionManager.m */,
			);
			path = AFNetworking;
			sourceTree = "<group>";
		};
		5B25722B1D47178500CB4167 /* SDWebImage */ = {
			isa = PBXGroup;
			children = (
				5B25722C1D47178500CB4167 /* MKAnnotationView+WebCache.h */,
				5B25722D1D47178500CB4167 /* MKAnnotationView+WebCache.m */,
				5B25722E1D47178500CB4167 /* NSData+ImageContentType.h */,
				5B25722F1D47178500CB4167 /* NSData+ImageContentType.m */,
				5B2572301D47178500CB4167 /* SDImageCache.h */,
				5B2572311D47178500CB4167 /* SDImageCache.m */,
				5B2572321D47178500CB4167 /* SDWebImageCompat.h */,
				5B2572331D47178500CB4167 /* SDWebImageCompat.m */,
				5B2572341D47178500CB4167 /* SDWebImageDecoder.h */,
				5B2572351D47178500CB4167 /* SDWebImageDecoder.m */,
				5B2572361D47178500CB4167 /* SDWebImageDownloader.h */,
				5B2572371D47178500CB4167 /* SDWebImageDownloader.m */,
				5B2572381D47178500CB4167 /* SDWebImageDownloaderOperation.h */,
				5B2572391D47178500CB4167 /* SDWebImageDownloaderOperation.m */,
				5B25723A1D47178500CB4167 /* SDWebImageManager.h */,
				5B25723B1D47178500CB4167 /* SDWebImageManager.m */,
				5B25723C1D47178500CB4167 /* SDWebImageOperation.h */,
				5B25723D1D47178500CB4167 /* SDWebImagePrefetcher.h */,
				5B25723E1D47178500CB4167 /* SDWebImagePrefetcher.m */,
				5B25723F1D47178500CB4167 /* UIButton+WebCache.h */,
				5B2572401D47178500CB4167 /* UIButton+WebCache.m */,
				5B2572411D47178500CB4167 /* UIImage+GIF.h */,
				5B2572421D47178500CB4167 /* UIImage+GIF.m */,
				5B2572431D47178500CB4167 /* UIImage+MultiFormat.h */,
				5B2572441D47178500CB4167 /* UIImage+MultiFormat.m */,
				5B2572451D47178500CB4167 /* UIImage+WebP.h */,
				5B2572461D47178500CB4167 /* UIImage+WebP.m */,
				5B2572471D47178500CB4167 /* UIImageView+HighlightedWebCache.h */,
				5B2572481D47178500CB4167 /* UIImageView+HighlightedWebCache.m */,
				5B2572491D47178500CB4167 /* UIImageView+WebCache.h */,
				5B25724A1D47178500CB4167 /* UIImageView+WebCache.m */,
				5B25724B1D47178500CB4167 /* UIView+WebCacheOperation.h */,
				5B25724C1D47178500CB4167 /* UIView+WebCacheOperation.m */,
			);
			path = SDWebImage;
			sourceTree = "<group>";
		};
		5BFFCE2F1D41B9C40066B1B9 = {
			isa = PBXGroup;
			children = (
				5BFFCE3A1D41B9C40066B1B9 /* THWY_Server */,
				5BFFCE391D41B9C40066B1B9 /* Products */,
			);
			sourceTree = "<group>";
		};
		5BFFCE391D41B9C40066B1B9 /* Products */ = {
			isa = PBXGroup;
			children = (
				5BFFCE381D41B9C40066B1B9 /* THWY_Server.app */,
			);
			name = Products;
			sourceTree = "<group>";
		};
		5BFFCE3A1D41B9C40066B1B9 /* THWY_Server */ = {
			isa = PBXGroup;
			children = (
				5B2571D01D47169E00CB4167 /* 3rd */,
				5B2571901D47148D00CB4167 /* uitil */,
				5B25718F1D47148800CB4167 /* model */,
				5B25718E1D47148000CB4167 /* viewController */,
				5B25718C1D47144400CB4167 /* view */,
				5BFFCE3E1D41B9C40066B1B9 /* AppDelegate.h */,
				5BFFCE3F1D41B9C40066B1B9 /* AppDelegate.m */,
				5BFFCE471D41B9C40066B1B9 /* Assets.xcassets */,
				5BFFCE491D41B9C40066B1B9 /* LaunchScreen.storyboard */,
				5BFFCE3B1D41B9C40066B1B9 /* Supporting Files */,
			);
			path = THWY_Server;
			sourceTree = "<group>";
		};
		5BFFCE3B1D41B9C40066B1B9 /* Supporting Files */ = {
			isa = PBXGroup;
			children = (
				5B2571CE1D4714E400CB4167 /* PrefixHeader.pch */,
				5BFFCE3C1D41B9C40066B1B9 /* main.m */,
				5BFFCE4C1D41B9C40066B1B9 /* Info.plist */,
			);
			name = "Supporting Files";
			sourceTree = "<group>";
		};
/* End PBXGroup section */

/* Begin PBXNativeTarget section */
		5BFFCE371D41B9C40066B1B9 /* THWY_Server */ = {
			isa = PBXNativeTarget;
			buildConfigurationList = 5BFFCE4F1D41B9C40066B1B9 /* Build configuration list for PBXNativeTarget "THWY_Server" */;
			buildPhases = (
				5BFFCE341D41B9C40066B1B9 /* Sources */,
				5BFFCE351D41B9C40066B1B9 /* Frameworks */,
				5BFFCE361D41B9C40066B1B9 /* Resources */,
			);
			buildRules = (
			);
			dependencies = (
			);
			name = THWY_Server;
			productName = THWY_Server;
			productReference = 5BFFCE381D41B9C40066B1B9 /* THWY_Server.app */;
			productType = "com.apple.product-type.application";
		};
/* End PBXNativeTarget section */

/* Begin PBXProject section */
		5BFFCE301D41B9C40066B1B9 /* Project object */ = {
			isa = PBXProject;
			attributes = {
				LastUpgradeCheck = 0730;
				ORGANIZATIONNAME = SXZ;
				TargetAttributes = {
					5BFFCE371D41B9C40066B1B9 = {
						CreatedOnToolsVersion = 7.3.1;
					};
				};
			};
			buildConfigurationList = 5BFFCE331D41B9C40066B1B9 /* Build configuration list for PBXProject "THWY_Server" */;
			compatibilityVersion = "Xcode 3.2";
			developmentRegion = English;
			hasScannedForEncodings = 0;
			knownRegions = (
				en,
				Base,
			);
			mainGroup = 5BFFCE2F1D41B9C40066B1B9;
			productRefGroup = 5BFFCE391D41B9C40066B1B9 /* Products */;
			projectDirPath = "";
			projectRoot = "";
			targets = (
				5BFFCE371D41B9C40066B1B9 /* THWY_Server */,
			);
		};
/* End PBXProject section */

/* Begin PBXResourcesBuildPhase section */
		5BFFCE361D41B9C40066B1B9 /* Resources */ = {
			isa = PBXResourcesBuildPhase;
			buildActionMask = 2147483647;
			files = (
				5BFFCE4B1D41B9C40066B1B9 /* LaunchScreen.storyboard in Resources */,
				5BFFCE481D41B9C40066B1B9 /* Assets.xcassets in Resources */,
			);
			runOnlyForDeploymentPostprocessing = 0;
		};
/* End PBXResourcesBuildPhase section */

/* Begin PBXSourcesBuildPhase section */
		5BFFCE341D41B9C40066B1B9 /* Sources */ = {
			isa = PBXSourcesBuildPhase;
			buildActionMask = 2147483647;
			files = (
				5B25725C1D47178500CB4167 /* UIView+WebCacheOperation.m in Sources */,
				5B2571CA1D4714D100CB4167 /* RootVC.m in Sources */,
				5B2571BD1D4714A100CB4167 /* UIImage+Extension.m in Sources */,
				5B25726D1D4738C600CB4167 /* ServicesManager.m in Sources */,
				5B2571BA1D4714A100CB4167 /* UIButton+Extension.m in Sources */,
				5B2571B31D4714A100CB4167 /* NSArray+Extension.m in Sources */,
				5B2571F51D4716F800CB4167 /* AFSecurityPolicy.m in Sources */,
				5B2571B61D4714A100CB4167 /* NSDictionary+Extension.m in Sources */,
				94BF711C1D5446A500EF1A8D /* RepairTaskVO.m in Sources */,
				5BED6BE21D49F9E100C137C5 /* GroupVO.m in Sources */,
				940D69D71D51880600E1159D /* DocVO.m in Sources */,
				5B2571F31D4716F800CB4167 /* AFHTTPSessionManager.m in Sources */,
				5B2571B41D4714A100CB4167 /* NSDate+Extension.m in Sources */,
				5B2572531D47178500CB4167 /* SDWebImageDownloaderOperation.m in Sources */,
				940D69E21D518FD900E1159D /* RepairClassVO.m in Sources */,
				5B2572551D47178500CB4167 /* SDWebImagePrefetcher.m in Sources */,
				94F2356A1D572B2900B829FB /* RepairStatisticVO.m in Sources */,
				5B2571C11D4714A100CB4167 /* UIView+Extension.m in Sources */,
				5B2571B71D4714A100CB4167 /* NSString+BXExtension.m in Sources */,
				5B2571BB1D4714A100CB4167 /* UIDevice+DeviceType.m in Sources */,
				5B2572581D47178500CB4167 /* UIImage+MultiFormat.m in Sources */,
				94E5DAD61D588A7000300585 /* MsgVO.m in Sources */,
				940D69EB1D51968700E1159D /* Repair_RootVO.m in Sources */,
				5BFFCE401D41B9C40066B1B9 /* AppDelegate.m in Sources */,
				5B2571C01D4714A100CB4167 /* UIScreen+Extension.m in Sources */,
				5B3632021D4B0E5800D276D1 /* IPAllowVO.m in Sources */,
				5B2572561D47178500CB4167 /* UIButton+WebCache.m in Sources */,
				5B2572571D47178500CB4167 /* UIImage+GIF.m in Sources */,
				5B2571BE1D4714A100CB4167 /* UIImage+ScreenShot.m in Sources */,
				5B2571CD1D4714D600CB4167 /* MainVC.m in Sources */,
				5B2571B91D4714A100CB4167 /* UIBarButtonItem+Extension.m in Sources */,
				94C040CB1D4F128B00E23969 /* AdVO.m in Sources */,
				5B2571C91D4714D100CB4167 /* MainNavigationViewController.m in Sources */,
				5B2571F61D4716F800CB4167 /* AFURLRequestSerialization.m in Sources */,
				94F2356D1D57339C00B829FB /* TaskVO.m in Sources */,
				940D69D41D51811400E1159D /* DocTypeVO.m in Sources */,
				5B2571F81D4716F800CB4167 /* AFURLSessionManager.m in Sources */,
				940D69EA1D51968700E1159D /* AddRepairVO.m in Sources */,
				5B25724F1D47178500CB4167 /* SDImageCache.m in Sources */,
				5B2571F71D4716F800CB4167 /* AFURLResponseSerialization.m in Sources */,
				5B2572541D47178500CB4167 /* SDWebImageManager.m in Sources */,
				5B2572591D47178500CB4167 /* UIImage+WebP.m in Sources */,
				5BED6BDF1D49F05400C137C5 /* UDManager.m in Sources */,
				5B2571F41D4716F800CB4167 /* AFNetworkReachabilityManager.m in Sources */,
				94BF71191D54424900EF1A8D /* RepairVO.m in Sources */,
				5BFFCE3D1D41B9C40066B1B9 /* main.m in Sources */,
				5B2571BF1D4714A100CB4167 /* UILabel+Extension.m in Sources */,
				5B2571B51D4714A100CB4167 /* NSDate+Helper.m in Sources */,
				5B25725B1D47178500CB4167 /* UIImageView+WebCache.m in Sources */,
				5B2572521D47178500CB4167 /* SDWebImageDownloader.m in Sources */,
				94C040C81D4EEAC300E23969 /* NoticVO.m in Sources */,
				5B2571B81D4714A100CB4167 /* UIApplication+Extensions.m in Sources */,
				940D69DA1D518DCA00E1159D /* EstateVO.m in Sources */,
				940D69DD1D518F8A00E1159D /* RepairStatuVO.m in Sources */,
				5B25724D1D47178500CB4167 /* MKAnnotationView+WebCache.m in Sources */,
				5B2571BC1D4714A100CB4167 /* UIFont+Extension.m in Sources */,
				5B2572511D47178500CB4167 /* SDWebImageDecoder.m in Sources */,
				5B2572501D47178500CB4167 /* SDWebImageCompat.m in Sources */,
				5B25725A1D47178500CB4167 /* UIImageView+HighlightedWebCache.m in Sources */,
				5B25724E1D47178500CB4167 /* NSData+ImageContentType.m in Sources */,
				5BED6BD91D49F02100C137C5 /* UserVO.m in Sources */,
				940D69E91D51968700E1159D /* AddPublicRepairVO.m in Sources */,
				5B2571B21D4714A100CB4167 /* Foundation+Log.m in Sources */,
			);
			runOnlyForDeploymentPostprocessing = 0;
		};
/* End PBXSourcesBuildPhase section */

/* Begin PBXVariantGroup section */
		5BFFCE491D41B9C40066B1B9 /* LaunchScreen.storyboard */ = {
			isa = PBXVariantGroup;
			children = (
				5BFFCE4A1D41B9C40066B1B9 /* Base */,
			);
			name = LaunchScreen.storyboard;
			sourceTree = "<group>";
		};
/* End PBXVariantGroup section */

/* Begin XCBuildConfiguration section */
		5BFFCE4D1D41B9C40066B1B9 /* Debug */ = {
			isa = XCBuildConfiguration;
			buildSettings = {
				ALWAYS_SEARCH_USER_PATHS = NO;
				CLANG_ANALYZER_NONNULL = YES;
				CLANG_CXX_LANGUAGE_STANDARD = "gnu++0x";
				CLANG_CXX_LIBRARY = "libc++";
				CLANG_ENABLE_MODULES = YES;
				CLANG_ENABLE_OBJC_ARC = YES;
				CLANG_WARN_BOOL_CONVERSION = YES;
				CLANG_WARN_CONSTANT_CONVERSION = YES;
				CLANG_WARN_DIRECT_OBJC_ISA_USAGE = YES_ERROR;
				CLANG_WARN_EMPTY_BODY = YES;
				CLANG_WARN_ENUM_CONVERSION = YES;
				CLANG_WARN_INT_CONVERSION = YES;
				CLANG_WARN_OBJC_ROOT_CLASS = YES_ERROR;
				CLANG_WARN_UNREACHABLE_CODE = YES;
				CLANG_WARN__DUPLICATE_METHOD_MATCH = YES;
				"CODE_SIGN_IDENTITY[sdk=iphoneos*]" = "iPhone Developer";
				COPY_PHASE_STRIP = NO;
				DEBUG_INFORMATION_FORMAT = dwarf;
				ENABLE_STRICT_OBJC_MSGSEND = YES;
				ENABLE_TESTABILITY = YES;
				GCC_C_LANGUAGE_STANDARD = gnu99;
				GCC_DYNAMIC_NO_PIC = NO;
				GCC_NO_COMMON_BLOCKS = YES;
				GCC_OPTIMIZATION_LEVEL = 0;
				GCC_PREPROCESSOR_DEFINITIONS = (
					"DEBUG=1",
					"$(inherited)",
				);
				GCC_WARN_64_TO_32_BIT_CONVERSION = YES;
				GCC_WARN_ABOUT_RETURN_TYPE = YES_ERROR;
				GCC_WARN_UNDECLARED_SELECTOR = YES;
				GCC_WARN_UNINITIALIZED_AUTOS = YES_AGGRESSIVE;
				GCC_WARN_UNUSED_FUNCTION = YES;
				GCC_WARN_UNUSED_VARIABLE = YES;
				IPHONEOS_DEPLOYMENT_TARGET = 9.3;
				MTL_ENABLE_DEBUG_INFO = YES;
				ONLY_ACTIVE_ARCH = YES;
				SDKROOT = iphoneos;
			};
			name = Debug;
		};
		5BFFCE4E1D41B9C40066B1B9 /* Release */ = {
			isa = XCBuildConfiguration;
			buildSettings = {
				ALWAYS_SEARCH_USER_PATHS = NO;
				CLANG_ANALYZER_NONNULL = YES;
				CLANG_CXX_LANGUAGE_STANDARD = "gnu++0x";
				CLANG_CXX_LIBRARY = "libc++";
				CLANG_ENABLE_MODULES = YES;
				CLANG_ENABLE_OBJC_ARC = YES;
				CLANG_WARN_BOOL_CONVERSION = YES;
				CLANG_WARN_CONSTANT_CONVERSION = YES;
				CLANG_WARN_DIRECT_OBJC_ISA_USAGE = YES_ERROR;
				CLANG_WARN_EMPTY_BODY = YES;
				CLANG_WARN_ENUM_CONVERSION = YES;
				CLANG_WARN_INT_CONVERSION = YES;
				CLANG_WARN_OBJC_ROOT_CLASS = YES_ERROR;
				CLANG_WARN_UNREACHABLE_CODE = YES;
				CLANG_WARN__DUPLICATE_METHOD_MATCH = YES;
				"CODE_SIGN_IDENTITY[sdk=iphoneos*]" = "iPhone Developer";
				COPY_PHASE_STRIP = NO;
				DEBUG_INFORMATION_FORMAT = "dwarf-with-dsym";
				ENABLE_NS_ASSERTIONS = NO;
				ENABLE_STRICT_OBJC_MSGSEND = YES;
				GCC_C_LANGUAGE_STANDARD = gnu99;
				GCC_NO_COMMON_BLOCKS = YES;
				GCC_WARN_64_TO_32_BIT_CONVERSION = YES;
				GCC_WARN_ABOUT_RETURN_TYPE = YES_ERROR;
				GCC_WARN_UNDECLARED_SELECTOR = YES;
				GCC_WARN_UNINITIALIZED_AUTOS = YES_AGGRESSIVE;
				GCC_WARN_UNUSED_FUNCTION = YES;
				GCC_WARN_UNUSED_VARIABLE = YES;
				IPHONEOS_DEPLOYMENT_TARGET = 9.3;
				MTL_ENABLE_DEBUG_INFO = NO;
				SDKROOT = iphoneos;
				VALIDATE_PRODUCT = YES;
			};
			name = Release;
		};
		5BFFCE501D41B9C40066B1B9 /* Debug */ = {
			isa = XCBuildConfiguration;
			buildSettings = {
				ASSETCATALOG_COMPILER_APPICON_NAME = AppIcon;
				CODE_SIGN_IDENTITY = "iPhone Developer";
				GCC_PRECOMPILE_PREFIX_HEADER = YES;
				GCC_PREFIX_HEADER = "$(SRCROOT)/THWY_Server/PrefixHeader.pch";
				INFOPLIST_FILE = THWY_Server/Info.plist;
				IPHONEOS_DEPLOYMENT_TARGET = 9.0;
				LD_RUNPATH_SEARCH_PATHS = "$(inherited) @executable_path/Frameworks";
				PRODUCT_BUNDLE_IDENTIFIER = "SXZ.THWY-Server";
				PRODUCT_NAME = "$(TARGET_NAME)";
			};
			name = Debug;
		};
		5BFFCE511D41B9C40066B1B9 /* Release */ = {
			isa = XCBuildConfiguration;
			buildSettings = {
				ASSETCATALOG_COMPILER_APPICON_NAME = AppIcon;
				CODE_SIGN_IDENTITY = "iPhone Developer";
				GCC_PRECOMPILE_PREFIX_HEADER = YES;
				GCC_PREFIX_HEADER = "$(SRCROOT)/THWY_Server/PrefixHeader.pch";
				INFOPLIST_FILE = THWY_Server/Info.plist;
				IPHONEOS_DEPLOYMENT_TARGET = 9.0;
				LD_RUNPATH_SEARCH_PATHS = "$(inherited) @executable_path/Frameworks";
				PRODUCT_BUNDLE_IDENTIFIER = "SXZ.THWY-Server";
				PRODUCT_NAME = "$(TARGET_NAME)";
			};
			name = Release;
		};
/* End XCBuildConfiguration section */

/* Begin XCConfigurationList section */
		5BFFCE331D41B9C40066B1B9 /* Build configuration list for PBXProject "THWY_Server" */ = {
			isa = XCConfigurationList;
			buildConfigurations = (
				5BFFCE4D1D41B9C40066B1B9 /* Debug */,
				5BFFCE4E1D41B9C40066B1B9 /* Release */,
			);
			defaultConfigurationIsVisible = 0;
			defaultConfigurationName = Release;
		};
		5BFFCE4F1D41B9C40066B1B9 /* Build configuration list for PBXNativeTarget "THWY_Server" */ = {
			isa = XCConfigurationList;
			buildConfigurations = (
				5BFFCE501D41B9C40066B1B9 /* Debug */,
				5BFFCE511D41B9C40066B1B9 /* Release */,
			);
			defaultConfigurationIsVisible = 0;
			defaultConfigurationName = Release;
		};
/* End XCConfigurationList section */
	};
	rootObject = 5BFFCE301D41B9C40066B1B9 /* Project object */;
}
