// !$*UTF8*$!
{
	archiveVersion = 1;
	classes = {
	};
	objectVersion = 46;
	objects = {

/* Begin PBXBuildFile section */
		1E0489ED1D48818B00D6B0CC /* LoginViewController.m in Sources */ = {isa = PBXBuildFile; fileRef = 1E0489EC1D48818B00D6B0CC /* LoginViewController.m */; };
		1E3BA3911D4AFF2B00633D0B /* PersonInfoLabel.m in Sources */ = {isa = PBXBuildFile; fileRef = 1E3BA3901D4AFF2B00633D0B /* PersonInfoLabel.m */; };
		1E3BA3B61D4B249200633D0B /* yitailogo.png in Resources */ = {isa = PBXBuildFile; fileRef = 1E3BA3B51D4B249200633D0B /* yitailogo.png */; };
		1E42BB551D498DEE0021DA01 /* userAndPassWordTextField.m in Sources */ = {isa = PBXBuildFile; fileRef = 1E42BB541D498DEE0021DA01 /* userAndPassWordTextField.m */; };
		1E42BB581D4994E30021DA01 /* BlueCheckButton.m in Sources */ = {isa = PBXBuildFile; fileRef = 1E42BB571D4994E30021DA01 /* BlueCheckButton.m */; };
		1E42BB591D49C3670021DA01 /* ServicesManager.m in Sources */ = {isa = PBXBuildFile; fileRef = 5B25725E1D47376E00CB4167 /* ServicesManager.m */; };
		1E42BB641D49E4240021DA01 /* PersonInfoViewController.m in Sources */ = {isa = PBXBuildFile; fileRef = 1E42BB631D49E4240021DA01 /* PersonInfoViewController.m */; };
		5B197EC11D48527600B95DE5 /* libUMessage_Sdk_1.3.0.a in Frameworks */ = {isa = PBXBuildFile; fileRef = 5B197EBF1D48527600B95DE5 /* libUMessage_Sdk_1.3.0.a */; };
		5B197ECA1D48779B00B95DE5 /* PointHistoryVO.m in Sources */ = {isa = PBXBuildFile; fileRef = 5B197EC91D48779B00B95DE5 /* PointHistoryVO.m */; };
		5B197EE61D487DAC00B95DE5 /* Info.plist in Resources */ = {isa = PBXBuildFile; fileRef = 5B197ECC1D487DAC00B95DE5 /* Info.plist */; };
		5B197EE71D487DAC00B95DE5 /* MASCompositeConstraint.m in Sources */ = {isa = PBXBuildFile; fileRef = 5B197ECE1D487DAC00B95DE5 /* MASCompositeConstraint.m */; };
		5B197EE81D487DAC00B95DE5 /* MASConstraint.m in Sources */ = {isa = PBXBuildFile; fileRef = 5B197ED11D487DAC00B95DE5 /* MASConstraint.m */; };
		5B197EE91D487DAC00B95DE5 /* MASConstraintMaker.m in Sources */ = {isa = PBXBuildFile; fileRef = 5B197ED31D487DAC00B95DE5 /* MASConstraintMaker.m */; };
		5B197EEA1D487DAC00B95DE5 /* MASLayoutConstraint.m in Sources */ = {isa = PBXBuildFile; fileRef = 5B197ED51D487DAC00B95DE5 /* MASLayoutConstraint.m */; };
		5B197EEB1D487DAC00B95DE5 /* MASViewAttribute.m in Sources */ = {isa = PBXBuildFile; fileRef = 5B197ED91D487DAC00B95DE5 /* MASViewAttribute.m */; };
		5B197EEC1D487DAC00B95DE5 /* MASViewConstraint.m in Sources */ = {isa = PBXBuildFile; fileRef = 5B197EDB1D487DAC00B95DE5 /* MASViewConstraint.m */; };
		5B197EED1D487DAC00B95DE5 /* NSArray+MASAdditions.m in Sources */ = {isa = PBXBuildFile; fileRef = 5B197EDD1D487DAC00B95DE5 /* NSArray+MASAdditions.m */; };
		5B197EEE1D487DAC00B95DE5 /* NSLayoutConstraint+MASDebugAdditions.m in Sources */ = {isa = PBXBuildFile; fileRef = 5B197EE01D487DAC00B95DE5 /* NSLayoutConstraint+MASDebugAdditions.m */; };
		5B197EEF1D487DAC00B95DE5 /* View+MASAdditions.m in Sources */ = {isa = PBXBuildFile; fileRef = 5B197EE21D487DAC00B95DE5 /* View+MASAdditions.m */; };
		5B197EF01D487DAC00B95DE5 /* ViewController+MASAdditions.m in Sources */ = {isa = PBXBuildFile; fileRef = 5B197EE51D487DAC00B95DE5 /* ViewController+MASAdditions.m */; };
		5B197EF31D48924300B95DE5 /* FeedBackTypeVO.m in Sources */ = {isa = PBXBuildFile; fileRef = 5B197EF21D48924300B95DE5 /* FeedBackTypeVO.m */; };
		5B197EF61D4894D100B95DE5 /* FeedBackVO.m in Sources */ = {isa = PBXBuildFile; fileRef = 5B197EF51D4894D100B95DE5 /* FeedBackVO.m */; };
		5B197EFC1D48A32E00B95DE5 /* ComplaintTypeVO.m in Sources */ = {isa = PBXBuildFile; fileRef = 5B197EFB1D48A32E00B95DE5 /* ComplaintTypeVO.m */; };
		5B197EFF1D48A47800B95DE5 /* ComplaintVO.m in Sources */ = {isa = PBXBuildFile; fileRef = 5B197EFE1D48A47800B95DE5 /* ComplaintVO.m */; };
		5B197F021D48A86E00B95DE5 /* NoteVO.m in Sources */ = {isa = PBXBuildFile; fileRef = 5B197F011D48A86E00B95DE5 /* NoteVO.m */; };
		5B197F051D48A9E600B95DE5 /* MerchantTypeVO.m in Sources */ = {isa = PBXBuildFile; fileRef = 5B197F041D48A9E600B95DE5 /* MerchantTypeVO.m */; };
		5B197F081D48AD0300B95DE5 /* MerchantVO.m in Sources */ = {isa = PBXBuildFile; fileRef = 5B197F071D48AD0300B95DE5 /* MerchantVO.m */; };
		5B197F0B1D48AD2C00B95DE5 /* GoodVO.m in Sources */ = {isa = PBXBuildFile; fileRef = 5B197F0A1D48AD2C00B95DE5 /* GoodVO.m */; };
		5B197F0E1D48B73E00B95DE5 /* AdVO.m in Sources */ = {isa = PBXBuildFile; fileRef = 5B197F0D1D48B73E00B95DE5 /* AdVO.m */; };
		5B2571571D4710C100CB4167 /* MainNavigationViewController.m in Sources */ = {isa = PBXBuildFile; fileRef = 5B2571561D4710C100CB4167 /* MainNavigationViewController.m */; };
		5B2571791D47110B00CB4167 /* Foundation+Log.m in Sources */ = {isa = PBXBuildFile; fileRef = 5B25715A1D47110B00CB4167 /* Foundation+Log.m */; };
		5B25717A1D47110B00CB4167 /* NSArray+Extension.m in Sources */ = {isa = PBXBuildFile; fileRef = 5B25715C1D47110B00CB4167 /* NSArray+Extension.m */; };
		5B25717B1D47110B00CB4167 /* NSDate+Extension.m in Sources */ = {isa = PBXBuildFile; fileRef = 5B25715E1D47110B00CB4167 /* NSDate+Extension.m */; };
		5B25717C1D47110B00CB4167 /* NSDate+Helper.m in Sources */ = {isa = PBXBuildFile; fileRef = 5B2571601D47110B00CB4167 /* NSDate+Helper.m */; };
		5B25717D1D47110B00CB4167 /* NSDictionary+Extension.m in Sources */ = {isa = PBXBuildFile; fileRef = 5B2571621D47110B00CB4167 /* NSDictionary+Extension.m */; };
		5B25717E1D47110B00CB4167 /* NSString+BXExtension.m in Sources */ = {isa = PBXBuildFile; fileRef = 5B2571641D47110B00CB4167 /* NSString+BXExtension.m */; };
		5B25717F1D47110B00CB4167 /* UIApplication+Extensions.m in Sources */ = {isa = PBXBuildFile; fileRef = 5B2571661D47110B00CB4167 /* UIApplication+Extensions.m */; };
		5B2571801D47110B00CB4167 /* UIBarButtonItem+Extension.m in Sources */ = {isa = PBXBuildFile; fileRef = 5B2571681D47110B00CB4167 /* UIBarButtonItem+Extension.m */; };
		5B2571811D47110B00CB4167 /* UIButton+Extension.m in Sources */ = {isa = PBXBuildFile; fileRef = 5B25716A1D47110B00CB4167 /* UIButton+Extension.m */; };
		5B2571821D47110B00CB4167 /* UIDevice+DeviceType.m in Sources */ = {isa = PBXBuildFile; fileRef = 5B25716C1D47110B00CB4167 /* UIDevice+DeviceType.m */; };
		5B2571831D47110B00CB4167 /* UIFont+Extension.m in Sources */ = {isa = PBXBuildFile; fileRef = 5B25716E1D47110B00CB4167 /* UIFont+Extension.m */; };
		5B2571841D47110B00CB4167 /* UIImage+Extension.m in Sources */ = {isa = PBXBuildFile; fileRef = 5B2571701D47110B00CB4167 /* UIImage+Extension.m */; };
		5B2571851D47110B00CB4167 /* UIImage+ScreenShot.m in Sources */ = {isa = PBXBuildFile; fileRef = 5B2571721D47110B00CB4167 /* UIImage+ScreenShot.m */; };
		5B2571861D47110B00CB4167 /* UILabel+Extension.m in Sources */ = {isa = PBXBuildFile; fileRef = 5B2571741D47110B00CB4167 /* UILabel+Extension.m */; };
		5B2571871D47110B00CB4167 /* UIScreen+Extension.m in Sources */ = {isa = PBXBuildFile; fileRef = 5B2571761D47110B00CB4167 /* UIScreen+Extension.m */; };
		5B2571881D47110B00CB4167 /* UIView+Extension.m in Sources */ = {isa = PBXBuildFile; fileRef = 5B2571781D47110B00CB4167 /* UIView+Extension.m */; };
		5B25718B1D47120700CB4167 /* MainVC.m in Sources */ = {isa = PBXBuildFile; fileRef = 5B25718A1D47120700CB4167 /* MainVC.m */; };
		5B2571DF1D4716EE00CB4167 /* AFHTTPSessionManager.m in Sources */ = {isa = PBXBuildFile; fileRef = 5B2571D31D4716EE00CB4167 /* AFHTTPSessionManager.m */; };
		5B2571E01D4716EE00CB4167 /* AFNetworkReachabilityManager.m in Sources */ = {isa = PBXBuildFile; fileRef = 5B2571D61D4716EE00CB4167 /* AFNetworkReachabilityManager.m */; };
		5B2571E11D4716EE00CB4167 /* AFSecurityPolicy.m in Sources */ = {isa = PBXBuildFile; fileRef = 5B2571D81D4716EE00CB4167 /* AFSecurityPolicy.m */; };
		5B2571E21D4716EE00CB4167 /* AFURLRequestSerialization.m in Sources */ = {isa = PBXBuildFile; fileRef = 5B2571DA1D4716EE00CB4167 /* AFURLRequestSerialization.m */; };
		5B2571E31D4716EE00CB4167 /* AFURLResponseSerialization.m in Sources */ = {isa = PBXBuildFile; fileRef = 5B2571DC1D4716EE00CB4167 /* AFURLResponseSerialization.m */; };
		5B2571E41D4716EE00CB4167 /* AFURLSessionManager.m in Sources */ = {isa = PBXBuildFile; fileRef = 5B2571DE1D4716EE00CB4167 /* AFURLSessionManager.m */; };
		5B25721B1D47177B00CB4167 /* MKAnnotationView+WebCache.m in Sources */ = {isa = PBXBuildFile; fileRef = 5B2571FB1D47177B00CB4167 /* MKAnnotationView+WebCache.m */; };
		5B25721C1D47177B00CB4167 /* NSData+ImageContentType.m in Sources */ = {isa = PBXBuildFile; fileRef = 5B2571FD1D47177B00CB4167 /* NSData+ImageContentType.m */; };
		5B25721D1D47177B00CB4167 /* SDImageCache.m in Sources */ = {isa = PBXBuildFile; fileRef = 5B2571FF1D47177B00CB4167 /* SDImageCache.m */; };
		5B25721E1D47177B00CB4167 /* SDWebImageCompat.m in Sources */ = {isa = PBXBuildFile; fileRef = 5B2572011D47177B00CB4167 /* SDWebImageCompat.m */; };
		5B25721F1D47177B00CB4167 /* SDWebImageDecoder.m in Sources */ = {isa = PBXBuildFile; fileRef = 5B2572031D47177B00CB4167 /* SDWebImageDecoder.m */; };
		5B2572201D47177B00CB4167 /* SDWebImageDownloader.m in Sources */ = {isa = PBXBuildFile; fileRef = 5B2572051D47177B00CB4167 /* SDWebImageDownloader.m */; };
		5B2572211D47177B00CB4167 /* SDWebImageDownloaderOperation.m in Sources */ = {isa = PBXBuildFile; fileRef = 5B2572071D47177B00CB4167 /* SDWebImageDownloaderOperation.m */; };
		5B2572221D47177B00CB4167 /* SDWebImageManager.m in Sources */ = {isa = PBXBuildFile; fileRef = 5B2572091D47177B00CB4167 /* SDWebImageManager.m */; };
		5B2572231D47177B00CB4167 /* SDWebImagePrefetcher.m in Sources */ = {isa = PBXBuildFile; fileRef = 5B25720C1D47177B00CB4167 /* SDWebImagePrefetcher.m */; };
		5B2572241D47177B00CB4167 /* UIButton+WebCache.m in Sources */ = {isa = PBXBuildFile; fileRef = 5B25720E1D47177B00CB4167 /* UIButton+WebCache.m */; };
		5B2572251D47177B00CB4167 /* UIImage+GIF.m in Sources */ = {isa = PBXBuildFile; fileRef = 5B2572101D47177B00CB4167 /* UIImage+GIF.m */; };
		5B2572261D47177B00CB4167 /* UIImage+MultiFormat.m in Sources */ = {isa = PBXBuildFile; fileRef = 5B2572121D47177B00CB4167 /* UIImage+MultiFormat.m */; };
		5B2572271D47177B00CB4167 /* UIImage+WebP.m in Sources */ = {isa = PBXBuildFile; fileRef = 5B2572141D47177B00CB4167 /* UIImage+WebP.m */; };
		5B2572281D47177B00CB4167 /* UIImageView+HighlightedWebCache.m in Sources */ = {isa = PBXBuildFile; fileRef = 5B2572161D47177B00CB4167 /* UIImageView+HighlightedWebCache.m */; };
		5B2572291D47177B00CB4167 /* UIImageView+WebCache.m in Sources */ = {isa = PBXBuildFile; fileRef = 5B2572181D47177B00CB4167 /* UIImageView+WebCache.m */; };
		5B25722A1D47177B00CB4167 /* UIView+WebCacheOperation.m in Sources */ = {isa = PBXBuildFile; fileRef = 5B25721A1D47177B00CB4167 /* UIView+WebCacheOperation.m */; };
		5B2572621D47378300CB4167 /* UDManager.m in Sources */ = {isa = PBXBuildFile; fileRef = 5B2572611D47378300CB4167 /* UDManager.m */; };
		5B2572711D47475100CB4167 /* RootVC.m in Sources */ = {isa = PBXBuildFile; fileRef = 5B2572701D47475100CB4167 /* RootVC.m */; };
		5B2572741D47545400CB4167 /* UserVO.m in Sources */ = {isa = PBXBuildFile; fileRef = 5B2572731D47545400CB4167 /* UserVO.m */; };
		5B2572771D4762CB00CB4167 /* HouseVO.m in Sources */ = {isa = PBXBuildFile; fileRef = 5B2572761D4762CB00CB4167 /* HouseVO.m */; };
		5B3631F91D4AED8100D276D1 /* AddRepairVO.m in Sources */ = {isa = PBXBuildFile; fileRef = 5B3631F81D4AED8100D276D1 /* AddRepairVO.m */; };
		5B3631FC1D4AED9B00D276D1 /* AddPublicRepairVO.m in Sources */ = {isa = PBXBuildFile; fileRef = 5B3631FB1D4AED9B00D276D1 /* AddPublicRepairVO.m */; };
		5B3631FF1D4AFEC700D276D1 /* Repair_RootVO.m in Sources */ = {isa = PBXBuildFile; fileRef = 5B3631FE1D4AFEC700D276D1 /* Repair_RootVO.m */; };
		5BED6BBB1D49963000C137C5 /* FeeVO.m in Sources */ = {isa = PBXBuildFile; fileRef = 5BED6BBA1D49963000C137C5 /* FeeVO.m */; };
		5BED6BBE1D49964800C137C5 /* FeeHistoryVO.m in Sources */ = {isa = PBXBuildFile; fileRef = 5BED6BBD1D49964800C137C5 /* FeeHistoryVO.m */; };
		5BED6BC11D499DB900C137C5 /* EstateVO.m in Sources */ = {isa = PBXBuildFile; fileRef = 5BED6BC01D499DB900C137C5 /* EstateVO.m */; };
		5BED6BC41D49A53F00C137C5 /* RepairStatuVO.m in Sources */ = {isa = PBXBuildFile; fileRef = 5BED6BC31D49A53F00C137C5 /* RepairStatuVO.m */; };
		5BED6BC71D49AA7F00C137C5 /* RepairVO.m in Sources */ = {isa = PBXBuildFile; fileRef = 5BED6BC61D49AA7F00C137C5 /* RepairVO.m */; };
		5BED6BCA1D49CCC500C137C5 /* RepairClassVO.m in Sources */ = {isa = PBXBuildFile; fileRef = 5BED6BC91D49CCC500C137C5 /* RepairClassVO.m */; };
		5BFFCE1A1D41B9A30066B1B9 /* main.m in Sources */ = {isa = PBXBuildFile; fileRef = 5BFFCE191D41B9A30066B1B9 /* main.m */; };
		5BFFCE1D1D41B9A30066B1B9 /* AppDelegate.m in Sources */ = {isa = PBXBuildFile; fileRef = 5BFFCE1C1D41B9A30066B1B9 /* AppDelegate.m */; };
		5BFFCE251D41B9A30066B1B9 /* Assets.xcassets in Resources */ = {isa = PBXBuildFile; fileRef = 5BFFCE241D41B9A30066B1B9 /* Assets.xcassets */; };
		5BFFCE281D41B9A30066B1B9 /* LaunchScreen.storyboard in Resources */ = {isa = PBXBuildFile; fileRef = 5BFFCE261D41B9A30066B1B9 /* LaunchScreen.storyboard */; };
		794E73D91D4A3A5100267C84 /* WantRepairesVC.m in Sources */ = {isa = PBXBuildFile; fileRef = 794E73D81D4A3A5100267C84 /* WantRepairesVC.m */; };
		794E73DC1D4A3A8800267C84 /* RepairRecordsVC.m in Sources */ = {isa = PBXBuildFile; fileRef = 794E73DB1D4A3A8800267C84 /* RepairRecordsVC.m */; };
		794E73DF1D4A3AB700267C84 /* BussnessCircleVC.m in Sources */ = {isa = PBXBuildFile; fileRef = 794E73DE1D4A3AB700267C84 /* BussnessCircleVC.m */; };
		794E73E41D4A454700267C84 /* DTKDropdownMenuView.bundle in Resources */ = {isa = PBXBuildFile; fileRef = 794E73E11D4A454700267C84 /* DTKDropdownMenuView.bundle */; };
		794E73E51D4A454700267C84 /* DTKDropdownMenuView.m in Sources */ = {isa = PBXBuildFile; fileRef = 794E73E31D4A454700267C84 /* DTKDropdownMenuView.m */; };
		794E73E81D4A4F3E00267C84 /* PushSettingVC.m in Sources */ = {isa = PBXBuildFile; fileRef = 794E73E71D4A4F3E00267C84 /* PushSettingVC.m */; };
		94D708931D4C68EE00C5009D /* ComplaintStateVO.m in Sources */ = {isa = PBXBuildFile; fileRef = 5B197EF81D48A0BD00B95DE5 /* ComplaintStateVO.m */; };
/* End PBXBuildFile section */

/* Begin PBXFileReference section */
		1E0489EB1D48818B00D6B0CC /* LoginViewController.h */ = {isa = PBXFileReference; fileEncoding = 4; lastKnownFileType = sourcecode.c.h; path = LoginViewController.h; sourceTree = "<group>"; };
		1E0489EC1D48818B00D6B0CC /* LoginViewController.m */ = {isa = PBXFileReference; fileEncoding = 4; lastKnownFileType = sourcecode.c.objc; path = LoginViewController.m; sourceTree = "<group>"; };
		1E3BA38F1D4AFF2B00633D0B /* PersonInfoLabel.h */ = {isa = PBXFileReference; fileEncoding = 4; lastKnownFileType = sourcecode.c.h; path = PersonInfoLabel.h; sourceTree = "<group>"; };
		1E3BA3901D4AFF2B00633D0B /* PersonInfoLabel.m */ = {isa = PBXFileReference; fileEncoding = 4; lastKnownFileType = sourcecode.c.objc; path = PersonInfoLabel.m; sourceTree = "<group>"; };
		1E3BA3B51D4B249200633D0B /* yitailogo.png */ = {isa = PBXFileReference; lastKnownFileType = image.png; path = yitailogo.png; sourceTree = "<group>"; };
		1E42BB531D498DEE0021DA01 /* userAndPassWordTextField.h */ = {isa = PBXFileReference; fileEncoding = 4; lastKnownFileType = sourcecode.c.h; path = userAndPassWordTextField.h; sourceTree = "<group>"; };
		1E42BB541D498DEE0021DA01 /* userAndPassWordTextField.m */ = {isa = PBXFileReference; fileEncoding = 4; lastKnownFileType = sourcecode.c.objc; path = userAndPassWordTextField.m; sourceTree = "<group>"; };
		1E42BB561D4994E30021DA01 /* BlueCheckButton.h */ = {isa = PBXFileReference; fileEncoding = 4; lastKnownFileType = sourcecode.c.h; path = BlueCheckButton.h; sourceTree = "<group>"; };
		1E42BB571D4994E30021DA01 /* BlueCheckButton.m */ = {isa = PBXFileReference; fileEncoding = 4; lastKnownFileType = sourcecode.c.objc; path = BlueCheckButton.m; sourceTree = "<group>"; };
		1E42BB621D49E4240021DA01 /* PersonInfoViewController.h */ = {isa = PBXFileReference; fileEncoding = 4; lastKnownFileType = sourcecode.c.h; path = PersonInfoViewController.h; sourceTree = "<group>"; };
		1E42BB631D49E4240021DA01 /* PersonInfoViewController.m */ = {isa = PBXFileReference; fileEncoding = 4; lastKnownFileType = sourcecode.c.objc; path = PersonInfoViewController.m; sourceTree = "<group>"; };
		5B197EBF1D48527600B95DE5 /* libUMessage_Sdk_1.3.0.a */ = {isa = PBXFileReference; lastKnownFileType = archive.ar; path = libUMessage_Sdk_1.3.0.a; sourceTree = "<group>"; };
		5B197EC01D48527600B95DE5 /* UMessage.h */ = {isa = PBXFileReference; fileEncoding = 4; lastKnownFileType = sourcecode.c.h; path = UMessage.h; sourceTree = "<group>"; };
		5B197EC81D48779B00B95DE5 /* PointHistoryVO.h */ = {isa = PBXFileReference; fileEncoding = 4; lastKnownFileType = sourcecode.c.h; path = PointHistoryVO.h; sourceTree = "<group>"; };
		5B197EC91D48779B00B95DE5 /* PointHistoryVO.m */ = {isa = PBXFileReference; fileEncoding = 4; lastKnownFileType = sourcecode.c.objc; path = PointHistoryVO.m; sourceTree = "<group>"; };
		5B197ECC1D487DAC00B95DE5 /* Info.plist */ = {isa = PBXFileReference; fileEncoding = 4; lastKnownFileType = text.plist.xml; path = Info.plist; sourceTree = "<group>"; };
		5B197ECD1D487DAC00B95DE5 /* MASCompositeConstraint.h */ = {isa = PBXFileReference; fileEncoding = 4; lastKnownFileType = sourcecode.c.h; path = MASCompositeConstraint.h; sourceTree = "<group>"; };
		5B197ECE1D487DAC00B95DE5 /* MASCompositeConstraint.m */ = {isa = PBXFileReference; fileEncoding = 4; lastKnownFileType = sourcecode.c.objc; path = MASCompositeConstraint.m; sourceTree = "<group>"; };
		5B197ECF1D487DAC00B95DE5 /* MASConstraint+Private.h */ = {isa = PBXFileReference; fileEncoding = 4; lastKnownFileType = sourcecode.c.h; path = "MASConstraint+Private.h"; sourceTree = "<group>"; };
		5B197ED01D487DAC00B95DE5 /* MASConstraint.h */ = {isa = PBXFileReference; fileEncoding = 4; lastKnownFileType = sourcecode.c.h; path = MASConstraint.h; sourceTree = "<group>"; };
		5B197ED11D487DAC00B95DE5 /* MASConstraint.m */ = {isa = PBXFileReference; fileEncoding = 4; lastKnownFileType = sourcecode.c.objc; path = MASConstraint.m; sourceTree = "<group>"; };
		5B197ED21D487DAC00B95DE5 /* MASConstraintMaker.h */ = {isa = PBXFileReference; fileEncoding = 4; lastKnownFileType = sourcecode.c.h; path = MASConstraintMaker.h; sourceTree = "<group>"; };
		5B197ED31D487DAC00B95DE5 /* MASConstraintMaker.m */ = {isa = PBXFileReference; fileEncoding = 4; lastKnownFileType = sourcecode.c.objc; path = MASConstraintMaker.m; sourceTree = "<group>"; };
		5B197ED41D487DAC00B95DE5 /* MASLayoutConstraint.h */ = {isa = PBXFileReference; fileEncoding = 4; lastKnownFileType = sourcecode.c.h; path = MASLayoutConstraint.h; sourceTree = "<group>"; };
		5B197ED51D487DAC00B95DE5 /* MASLayoutConstraint.m */ = {isa = PBXFileReference; fileEncoding = 4; lastKnownFileType = sourcecode.c.objc; path = MASLayoutConstraint.m; sourceTree = "<group>"; };
		5B197ED61D487DAC00B95DE5 /* Masonry.h */ = {isa = PBXFileReference; fileEncoding = 4; lastKnownFileType = sourcecode.c.h; path = Masonry.h; sourceTree = "<group>"; };
		5B197ED71D487DAC00B95DE5 /* MASUtilities.h */ = {isa = PBXFileReference; fileEncoding = 4; lastKnownFileType = sourcecode.c.h; path = MASUtilities.h; sourceTree = "<group>"; };
		5B197ED81D487DAC00B95DE5 /* MASViewAttribute.h */ = {isa = PBXFileReference; fileEncoding = 4; lastKnownFileType = sourcecode.c.h; path = MASViewAttribute.h; sourceTree = "<group>"; };
		5B197ED91D487DAC00B95DE5 /* MASViewAttribute.m */ = {isa = PBXFileReference; fileEncoding = 4; lastKnownFileType = sourcecode.c.objc; path = MASViewAttribute.m; sourceTree = "<group>"; };
		5B197EDA1D487DAC00B95DE5 /* MASViewConstraint.h */ = {isa = PBXFileReference; fileEncoding = 4; lastKnownFileType = sourcecode.c.h; path = MASViewConstraint.h; sourceTree = "<group>"; };
		5B197EDB1D487DAC00B95DE5 /* MASViewConstraint.m */ = {isa = PBXFileReference; fileEncoding = 4; lastKnownFileType = sourcecode.c.objc; path = MASViewConstraint.m; sourceTree = "<group>"; };
		5B197EDC1D487DAC00B95DE5 /* NSArray+MASAdditions.h */ = {isa = PBXFileReference; fileEncoding = 4; lastKnownFileType = sourcecode.c.h; path = "NSArray+MASAdditions.h"; sourceTree = "<group>"; };
		5B197EDD1D487DAC00B95DE5 /* NSArray+MASAdditions.m */ = {isa = PBXFileReference; fileEncoding = 4; lastKnownFileType = sourcecode.c.objc; path = "NSArray+MASAdditions.m"; sourceTree = "<group>"; };
		5B197EDE1D487DAC00B95DE5 /* NSArray+MASShorthandAdditions.h */ = {isa = PBXFileReference; fileEncoding = 4; lastKnownFileType = sourcecode.c.h; path = "NSArray+MASShorthandAdditions.h"; sourceTree = "<group>"; };
		5B197EDF1D487DAC00B95DE5 /* NSLayoutConstraint+MASDebugAdditions.h */ = {isa = PBXFileReference; fileEncoding = 4; lastKnownFileType = sourcecode.c.h; path = "NSLayoutConstraint+MASDebugAdditions.h"; sourceTree = "<group>"; };
		5B197EE01D487DAC00B95DE5 /* NSLayoutConstraint+MASDebugAdditions.m */ = {isa = PBXFileReference; fileEncoding = 4; lastKnownFileType = sourcecode.c.objc; path = "NSLayoutConstraint+MASDebugAdditions.m"; sourceTree = "<group>"; };
		5B197EE11D487DAC00B95DE5 /* View+MASAdditions.h */ = {isa = PBXFileReference; fileEncoding = 4; lastKnownFileType = sourcecode.c.h; path = "View+MASAdditions.h"; sourceTree = "<group>"; };
		5B197EE21D487DAC00B95DE5 /* View+MASAdditions.m */ = {isa = PBXFileReference; fileEncoding = 4; lastKnownFileType = sourcecode.c.objc; path = "View+MASAdditions.m"; sourceTree = "<group>"; };
		5B197EE31D487DAC00B95DE5 /* View+MASShorthandAdditions.h */ = {isa = PBXFileReference; fileEncoding = 4; lastKnownFileType = sourcecode.c.h; path = "View+MASShorthandAdditions.h"; sourceTree = "<group>"; };
		5B197EE41D487DAC00B95DE5 /* ViewController+MASAdditions.h */ = {isa = PBXFileReference; fileEncoding = 4; lastKnownFileType = sourcecode.c.h; path = "ViewController+MASAdditions.h"; sourceTree = "<group>"; };
		5B197EE51D487DAC00B95DE5 /* ViewController+MASAdditions.m */ = {isa = PBXFileReference; fileEncoding = 4; lastKnownFileType = sourcecode.c.objc; path = "ViewController+MASAdditions.m"; sourceTree = "<group>"; };
		5B197EF11D48924300B95DE5 /* FeedBackTypeVO.h */ = {isa = PBXFileReference; fileEncoding = 4; lastKnownFileType = sourcecode.c.h; path = FeedBackTypeVO.h; sourceTree = "<group>"; };
		5B197EF21D48924300B95DE5 /* FeedBackTypeVO.m */ = {isa = PBXFileReference; fileEncoding = 4; lastKnownFileType = sourcecode.c.objc; path = FeedBackTypeVO.m; sourceTree = "<group>"; };
		5B197EF41D4894D100B95DE5 /* FeedBackVO.h */ = {isa = PBXFileReference; fileEncoding = 4; lastKnownFileType = sourcecode.c.h; path = FeedBackVO.h; sourceTree = "<group>"; };
		5B197EF51D4894D100B95DE5 /* FeedBackVO.m */ = {isa = PBXFileReference; fileEncoding = 4; lastKnownFileType = sourcecode.c.objc; path = FeedBackVO.m; sourceTree = "<group>"; };
		5B197EF71D48A0BD00B95DE5 /* ComplaintStateVO.h */ = {isa = PBXFileReference; fileEncoding = 4; lastKnownFileType = sourcecode.c.h; path = ComplaintStateVO.h; sourceTree = "<group>"; };
		5B197EF81D48A0BD00B95DE5 /* ComplaintStateVO.m */ = {isa = PBXFileReference; fileEncoding = 4; lastKnownFileType = sourcecode.c.objc; path = ComplaintStateVO.m; sourceTree = "<group>"; };
		5B197EFA1D48A32E00B95DE5 /* ComplaintTypeVO.h */ = {isa = PBXFileReference; fileEncoding = 4; lastKnownFileType = sourcecode.c.h; path = ComplaintTypeVO.h; sourceTree = "<group>"; };
		5B197EFB1D48A32E00B95DE5 /* ComplaintTypeVO.m */ = {isa = PBXFileReference; fileEncoding = 4; lastKnownFileType = sourcecode.c.objc; path = ComplaintTypeVO.m; sourceTree = "<group>"; };
		5B197EFD1D48A47800B95DE5 /* ComplaintVO.h */ = {isa = PBXFileReference; fileEncoding = 4; lastKnownFileType = sourcecode.c.h; path = ComplaintVO.h; sourceTree = "<group>"; };
		5B197EFE1D48A47800B95DE5 /* ComplaintVO.m */ = {isa = PBXFileReference; fileEncoding = 4; lastKnownFileType = sourcecode.c.objc; path = ComplaintVO.m; sourceTree = "<group>"; };
		5B197F001D48A86E00B95DE5 /* NoteVO.h */ = {isa = PBXFileReference; fileEncoding = 4; lastKnownFileType = sourcecode.c.h; path = NoteVO.h; sourceTree = "<group>"; };
		5B197F011D48A86E00B95DE5 /* NoteVO.m */ = {isa = PBXFileReference; fileEncoding = 4; lastKnownFileType = sourcecode.c.objc; path = NoteVO.m; sourceTree = "<group>"; };
		5B197F031D48A9E600B95DE5 /* MerchantTypeVO.h */ = {isa = PBXFileReference; fileEncoding = 4; lastKnownFileType = sourcecode.c.h; path = MerchantTypeVO.h; sourceTree = "<group>"; };
		5B197F041D48A9E600B95DE5 /* MerchantTypeVO.m */ = {isa = PBXFileReference; fileEncoding = 4; lastKnownFileType = sourcecode.c.objc; path = MerchantTypeVO.m; sourceTree = "<group>"; };
		5B197F061D48AD0300B95DE5 /* MerchantVO.h */ = {isa = PBXFileReference; fileEncoding = 4; lastKnownFileType = sourcecode.c.h; path = MerchantVO.h; sourceTree = "<group>"; };
		5B197F071D48AD0300B95DE5 /* MerchantVO.m */ = {isa = PBXFileReference; fileEncoding = 4; lastKnownFileType = sourcecode.c.objc; path = MerchantVO.m; sourceTree = "<group>"; };
		5B197F091D48AD2C00B95DE5 /* GoodVO.h */ = {isa = PBXFileReference; fileEncoding = 4; lastKnownFileType = sourcecode.c.h; path = GoodVO.h; sourceTree = "<group>"; };
		5B197F0A1D48AD2C00B95DE5 /* GoodVO.m */ = {isa = PBXFileReference; fileEncoding = 4; lastKnownFileType = sourcecode.c.objc; path = GoodVO.m; sourceTree = "<group>"; };
		5B197F0C1D48B73E00B95DE5 /* AdVO.h */ = {isa = PBXFileReference; fileEncoding = 4; lastKnownFileType = sourcecode.c.h; path = AdVO.h; sourceTree = "<group>"; };
		5B197F0D1D48B73E00B95DE5 /* AdVO.m */ = {isa = PBXFileReference; fileEncoding = 4; lastKnownFileType = sourcecode.c.objc; path = AdVO.m; sourceTree = "<group>"; };
		5B25714A1D470E6800CB4167 /* PrefixHeader.pch */ = {isa = PBXFileReference; lastKnownFileType = sourcecode.c.h; path = PrefixHeader.pch; sourceTree = "<group>"; };
		5B2571551D4710C100CB4167 /* MainNavigationViewController.h */ = {isa = PBXFileReference; fileEncoding = 4; lastKnownFileType = sourcecode.c.h; path = MainNavigationViewController.h; sourceTree = "<group>"; };
		5B2571561D4710C100CB4167 /* MainNavigationViewController.m */ = {isa = PBXFileReference; fileEncoding = 4; lastKnownFileType = sourcecode.c.objc; path = MainNavigationViewController.m; sourceTree = "<group>"; };
		5B2571591D47110B00CB4167 /* BXExtensions.h */ = {isa = PBXFileReference; fileEncoding = 4; lastKnownFileType = sourcecode.c.h; path = BXExtensions.h; sourceTree = "<group>"; };
		5B25715A1D47110B00CB4167 /* Foundation+Log.m */ = {isa = PBXFileReference; fileEncoding = 4; lastKnownFileType = sourcecode.c.objc; path = "Foundation+Log.m"; sourceTree = "<group>"; };
		5B25715B1D47110B00CB4167 /* NSArray+Extension.h */ = {isa = PBXFileReference; fileEncoding = 4; lastKnownFileType = sourcecode.c.h; path = "NSArray+Extension.h"; sourceTree = "<group>"; };
		5B25715C1D47110B00CB4167 /* NSArray+Extension.m */ = {isa = PBXFileReference; fileEncoding = 4; lastKnownFileType = sourcecode.c.objc; path = "NSArray+Extension.m"; sourceTree = "<group>"; };
		5B25715D1D47110B00CB4167 /* NSDate+Extension.h */ = {isa = PBXFileReference; fileEncoding = 4; lastKnownFileType = sourcecode.c.h; path = "NSDate+Extension.h"; sourceTree = "<group>"; };
		5B25715E1D47110B00CB4167 /* NSDate+Extension.m */ = {isa = PBXFileReference; fileEncoding = 4; lastKnownFileType = sourcecode.c.objc; path = "NSDate+Extension.m"; sourceTree = "<group>"; };
		5B25715F1D47110B00CB4167 /* NSDate+Helper.h */ = {isa = PBXFileReference; fileEncoding = 4; lastKnownFileType = sourcecode.c.h; path = "NSDate+Helper.h"; sourceTree = "<group>"; };
		5B2571601D47110B00CB4167 /* NSDate+Helper.m */ = {isa = PBXFileReference; fileEncoding = 4; lastKnownFileType = sourcecode.c.objc; path = "NSDate+Helper.m"; sourceTree = "<group>"; };
		5B2571611D47110B00CB4167 /* NSDictionary+Extension.h */ = {isa = PBXFileReference; fileEncoding = 4; lastKnownFileType = sourcecode.c.h; path = "NSDictionary+Extension.h"; sourceTree = "<group>"; };
		5B2571621D47110B00CB4167 /* NSDictionary+Extension.m */ = {isa = PBXFileReference; fileEncoding = 4; lastKnownFileType = sourcecode.c.objc; path = "NSDictionary+Extension.m"; sourceTree = "<group>"; };
		5B2571631D47110B00CB4167 /* NSString+BXExtension.h */ = {isa = PBXFileReference; fileEncoding = 4; lastKnownFileType = sourcecode.c.h; path = "NSString+BXExtension.h"; sourceTree = "<group>"; };
		5B2571641D47110B00CB4167 /* NSString+BXExtension.m */ = {isa = PBXFileReference; fileEncoding = 4; lastKnownFileType = sourcecode.c.objc; path = "NSString+BXExtension.m"; sourceTree = "<group>"; };
		5B2571651D47110B00CB4167 /* UIApplication+Extensions.h */ = {isa = PBXFileReference; fileEncoding = 4; lastKnownFileType = sourcecode.c.h; path = "UIApplication+Extensions.h"; sourceTree = "<group>"; };
		5B2571661D47110B00CB4167 /* UIApplication+Extensions.m */ = {isa = PBXFileReference; fileEncoding = 4; lastKnownFileType = sourcecode.c.objc; path = "UIApplication+Extensions.m"; sourceTree = "<group>"; };
		5B2571671D47110B00CB4167 /* UIBarButtonItem+Extension.h */ = {isa = PBXFileReference; fileEncoding = 4; lastKnownFileType = sourcecode.c.h; path = "UIBarButtonItem+Extension.h"; sourceTree = "<group>"; };
		5B2571681D47110B00CB4167 /* UIBarButtonItem+Extension.m */ = {isa = PBXFileReference; fileEncoding = 4; lastKnownFileType = sourcecode.c.objc; path = "UIBarButtonItem+Extension.m"; sourceTree = "<group>"; };
		5B2571691D47110B00CB4167 /* UIButton+Extension.h */ = {isa = PBXFileReference; fileEncoding = 4; lastKnownFileType = sourcecode.c.h; path = "UIButton+Extension.h"; sourceTree = "<group>"; };
		5B25716A1D47110B00CB4167 /* UIButton+Extension.m */ = {isa = PBXFileReference; fileEncoding = 4; lastKnownFileType = sourcecode.c.objc; path = "UIButton+Extension.m"; sourceTree = "<group>"; };
		5B25716B1D47110B00CB4167 /* UIDevice+DeviceType.h */ = {isa = PBXFileReference; fileEncoding = 4; lastKnownFileType = sourcecode.c.h; path = "UIDevice+DeviceType.h"; sourceTree = "<group>"; };
		5B25716C1D47110B00CB4167 /* UIDevice+DeviceType.m */ = {isa = PBXFileReference; fileEncoding = 4; lastKnownFileType = sourcecode.c.objc; path = "UIDevice+DeviceType.m"; sourceTree = "<group>"; };
		5B25716D1D47110B00CB4167 /* UIFont+Extension.h */ = {isa = PBXFileReference; fileEncoding = 4; lastKnownFileType = sourcecode.c.h; path = "UIFont+Extension.h"; sourceTree = "<group>"; };
		5B25716E1D47110B00CB4167 /* UIFont+Extension.m */ = {isa = PBXFileReference; fileEncoding = 4; lastKnownFileType = sourcecode.c.objc; path = "UIFont+Extension.m"; sourceTree = "<group>"; };
		5B25716F1D47110B00CB4167 /* UIImage+Extension.h */ = {isa = PBXFileReference; fileEncoding = 4; lastKnownFileType = sourcecode.c.h; path = "UIImage+Extension.h"; sourceTree = "<group>"; };
		5B2571701D47110B00CB4167 /* UIImage+Extension.m */ = {isa = PBXFileReference; fileEncoding = 4; lastKnownFileType = sourcecode.c.objc; path = "UIImage+Extension.m"; sourceTree = "<group>"; };
		5B2571711D47110B00CB4167 /* UIImage+ScreenShot.h */ = {isa = PBXFileReference; fileEncoding = 4; lastKnownFileType = sourcecode.c.h; path = "UIImage+ScreenShot.h"; sourceTree = "<group>"; };
		5B2571721D47110B00CB4167 /* UIImage+ScreenShot.m */ = {isa = PBXFileReference; fileEncoding = 4; lastKnownFileType = sourcecode.c.objc; path = "UIImage+ScreenShot.m"; sourceTree = "<group>"; };
		5B2571731D47110B00CB4167 /* UILabel+Extension.h */ = {isa = PBXFileReference; fileEncoding = 4; lastKnownFileType = sourcecode.c.h; path = "UILabel+Extension.h"; sourceTree = "<group>"; };
		5B2571741D47110B00CB4167 /* UILabel+Extension.m */ = {isa = PBXFileReference; fileEncoding = 4; lastKnownFileType = sourcecode.c.objc; path = "UILabel+Extension.m"; sourceTree = "<group>"; };
		5B2571751D47110B00CB4167 /* UIScreen+Extension.h */ = {isa = PBXFileReference; fileEncoding = 4; lastKnownFileType = sourcecode.c.h; path = "UIScreen+Extension.h"; sourceTree = "<group>"; };
		5B2571761D47110B00CB4167 /* UIScreen+Extension.m */ = {isa = PBXFileReference; fileEncoding = 4; lastKnownFileType = sourcecode.c.objc; path = "UIScreen+Extension.m"; sourceTree = "<group>"; };
		5B2571771D47110B00CB4167 /* UIView+Extension.h */ = {isa = PBXFileReference; fileEncoding = 4; lastKnownFileType = sourcecode.c.h; path = "UIView+Extension.h"; sourceTree = "<group>"; };
		5B2571781D47110B00CB4167 /* UIView+Extension.m */ = {isa = PBXFileReference; fileEncoding = 4; lastKnownFileType = sourcecode.c.objc; path = "UIView+Extension.m"; sourceTree = "<group>"; };
		5B2571891D47120700CB4167 /* MainVC.h */ = {isa = PBXFileReference; fileEncoding = 4; lastKnownFileType = sourcecode.c.h; path = MainVC.h; sourceTree = "<group>"; };
		5B25718A1D47120700CB4167 /* MainVC.m */ = {isa = PBXFileReference; fileEncoding = 4; lastKnownFileType = sourcecode.c.objc; path = MainVC.m; sourceTree = "<group>"; };
		5B2571D21D4716EE00CB4167 /* AFHTTPSessionManager.h */ = {isa = PBXFileReference; fileEncoding = 4; lastKnownFileType = sourcecode.c.h; path = AFHTTPSessionManager.h; sourceTree = "<group>"; };
		5B2571D31D4716EE00CB4167 /* AFHTTPSessionManager.m */ = {isa = PBXFileReference; fileEncoding = 4; lastKnownFileType = sourcecode.c.objc; path = AFHTTPSessionManager.m; sourceTree = "<group>"; };
		5B2571D41D4716EE00CB4167 /* AFNetworking.h */ = {isa = PBXFileReference; fileEncoding = 4; lastKnownFileType = sourcecode.c.h; path = AFNetworking.h; sourceTree = "<group>"; };
		5B2571D51D4716EE00CB4167 /* AFNetworkReachabilityManager.h */ = {isa = PBXFileReference; fileEncoding = 4; lastKnownFileType = sourcecode.c.h; path = AFNetworkReachabilityManager.h; sourceTree = "<group>"; };
		5B2571D61D4716EE00CB4167 /* AFNetworkReachabilityManager.m */ = {isa = PBXFileReference; fileEncoding = 4; lastKnownFileType = sourcecode.c.objc; path = AFNetworkReachabilityManager.m; sourceTree = "<group>"; };
		5B2571D71D4716EE00CB4167 /* AFSecurityPolicy.h */ = {isa = PBXFileReference; fileEncoding = 4; lastKnownFileType = sourcecode.c.h; path = AFSecurityPolicy.h; sourceTree = "<group>"; };
		5B2571D81D4716EE00CB4167 /* AFSecurityPolicy.m */ = {isa = PBXFileReference; fileEncoding = 4; lastKnownFileType = sourcecode.c.objc; path = AFSecurityPolicy.m; sourceTree = "<group>"; };
		5B2571D91D4716EE00CB4167 /* AFURLRequestSerialization.h */ = {isa = PBXFileReference; fileEncoding = 4; lastKnownFileType = sourcecode.c.h; path = AFURLRequestSerialization.h; sourceTree = "<group>"; };
		5B2571DA1D4716EE00CB4167 /* AFURLRequestSerialization.m */ = {isa = PBXFileReference; fileEncoding = 4; lastKnownFileType = sourcecode.c.objc; path = AFURLRequestSerialization.m; sourceTree = "<group>"; };
		5B2571DB1D4716EE00CB4167 /* AFURLResponseSerialization.h */ = {isa = PBXFileReference; fileEncoding = 4; lastKnownFileType = sourcecode.c.h; path = AFURLResponseSerialization.h; sourceTree = "<group>"; };
		5B2571DC1D4716EE00CB4167 /* AFURLResponseSerialization.m */ = {isa = PBXFileReference; fileEncoding = 4; lastKnownFileType = sourcecode.c.objc; path = AFURLResponseSerialization.m; sourceTree = "<group>"; };
		5B2571DD1D4716EE00CB4167 /* AFURLSessionManager.h */ = {isa = PBXFileReference; fileEncoding = 4; lastKnownFileType = sourcecode.c.h; path = AFURLSessionManager.h; sourceTree = "<group>"; };
		5B2571DE1D4716EE00CB4167 /* AFURLSessionManager.m */ = {isa = PBXFileReference; fileEncoding = 4; lastKnownFileType = sourcecode.c.objc; path = AFURLSessionManager.m; sourceTree = "<group>"; };
		5B2571FA1D47177B00CB4167 /* MKAnnotationView+WebCache.h */ = {isa = PBXFileReference; fileEncoding = 4; lastKnownFileType = sourcecode.c.h; path = "MKAnnotationView+WebCache.h"; sourceTree = "<group>"; };
		5B2571FB1D47177B00CB4167 /* MKAnnotationView+WebCache.m */ = {isa = PBXFileReference; fileEncoding = 4; lastKnownFileType = sourcecode.c.objc; path = "MKAnnotationView+WebCache.m"; sourceTree = "<group>"; };
		5B2571FC1D47177B00CB4167 /* NSData+ImageContentType.h */ = {isa = PBXFileReference; fileEncoding = 4; lastKnownFileType = sourcecode.c.h; path = "NSData+ImageContentType.h"; sourceTree = "<group>"; };
		5B2571FD1D47177B00CB4167 /* NSData+ImageContentType.m */ = {isa = PBXFileReference; fileEncoding = 4; lastKnownFileType = sourcecode.c.objc; path = "NSData+ImageContentType.m"; sourceTree = "<group>"; };
		5B2571FE1D47177B00CB4167 /* SDImageCache.h */ = {isa = PBXFileReference; fileEncoding = 4; lastKnownFileType = sourcecode.c.h; path = SDImageCache.h; sourceTree = "<group>"; };
		5B2571FF1D47177B00CB4167 /* SDImageCache.m */ = {isa = PBXFileReference; fileEncoding = 4; lastKnownFileType = sourcecode.c.objc; path = SDImageCache.m; sourceTree = "<group>"; };
		5B2572001D47177B00CB4167 /* SDWebImageCompat.h */ = {isa = PBXFileReference; fileEncoding = 4; lastKnownFileType = sourcecode.c.h; path = SDWebImageCompat.h; sourceTree = "<group>"; };
		5B2572011D47177B00CB4167 /* SDWebImageCompat.m */ = {isa = PBXFileReference; fileEncoding = 4; lastKnownFileType = sourcecode.c.objc; path = SDWebImageCompat.m; sourceTree = "<group>"; };
		5B2572021D47177B00CB4167 /* SDWebImageDecoder.h */ = {isa = PBXFileReference; fileEncoding = 4; lastKnownFileType = sourcecode.c.h; path = SDWebImageDecoder.h; sourceTree = "<group>"; };
		5B2572031D47177B00CB4167 /* SDWebImageDecoder.m */ = {isa = PBXFileReference; fileEncoding = 4; lastKnownFileType = sourcecode.c.objc; path = SDWebImageDecoder.m; sourceTree = "<group>"; };
		5B2572041D47177B00CB4167 /* SDWebImageDownloader.h */ = {isa = PBXFileReference; fileEncoding = 4; lastKnownFileType = sourcecode.c.h; path = SDWebImageDownloader.h; sourceTree = "<group>"; };
		5B2572051D47177B00CB4167 /* SDWebImageDownloader.m */ = {isa = PBXFileReference; fileEncoding = 4; lastKnownFileType = sourcecode.c.objc; path = SDWebImageDownloader.m; sourceTree = "<group>"; };
		5B2572061D47177B00CB4167 /* SDWebImageDownloaderOperation.h */ = {isa = PBXFileReference; fileEncoding = 4; lastKnownFileType = sourcecode.c.h; path = SDWebImageDownloaderOperation.h; sourceTree = "<group>"; };
		5B2572071D47177B00CB4167 /* SDWebImageDownloaderOperation.m */ = {isa = PBXFileReference; fileEncoding = 4; lastKnownFileType = sourcecode.c.objc; path = SDWebImageDownloaderOperation.m; sourceTree = "<group>"; };
		5B2572081D47177B00CB4167 /* SDWebImageManager.h */ = {isa = PBXFileReference; fileEncoding = 4; lastKnownFileType = sourcecode.c.h; path = SDWebImageManager.h; sourceTree = "<group>"; };
		5B2572091D47177B00CB4167 /* SDWebImageManager.m */ = {isa = PBXFileReference; fileEncoding = 4; lastKnownFileType = sourcecode.c.objc; path = SDWebImageManager.m; sourceTree = "<group>"; };
		5B25720A1D47177B00CB4167 /* SDWebImageOperation.h */ = {isa = PBXFileReference; fileEncoding = 4; lastKnownFileType = sourcecode.c.h; path = SDWebImageOperation.h; sourceTree = "<group>"; };
		5B25720B1D47177B00CB4167 /* SDWebImagePrefetcher.h */ = {isa = PBXFileReference; fileEncoding = 4; lastKnownFileType = sourcecode.c.h; path = SDWebImagePrefetcher.h; sourceTree = "<group>"; };
		5B25720C1D47177B00CB4167 /* SDWebImagePrefetcher.m */ = {isa = PBXFileReference; fileEncoding = 4; lastKnownFileType = sourcecode.c.objc; path = SDWebImagePrefetcher.m; sourceTree = "<group>"; };
		5B25720D1D47177B00CB4167 /* UIButton+WebCache.h */ = {isa = PBXFileReference; fileEncoding = 4; lastKnownFileType = sourcecode.c.h; path = "UIButton+WebCache.h"; sourceTree = "<group>"; };
		5B25720E1D47177B00CB4167 /* UIButton+WebCache.m */ = {isa = PBXFileReference; fileEncoding = 4; lastKnownFileType = sourcecode.c.objc; path = "UIButton+WebCache.m"; sourceTree = "<group>"; };
		5B25720F1D47177B00CB4167 /* UIImage+GIF.h */ = {isa = PBXFileReference; fileEncoding = 4; lastKnownFileType = sourcecode.c.h; path = "UIImage+GIF.h"; sourceTree = "<group>"; };
		5B2572101D47177B00CB4167 /* UIImage+GIF.m */ = {isa = PBXFileReference; fileEncoding = 4; lastKnownFileType = sourcecode.c.objc; path = "UIImage+GIF.m"; sourceTree = "<group>"; };
		5B2572111D47177B00CB4167 /* UIImage+MultiFormat.h */ = {isa = PBXFileReference; fileEncoding = 4; lastKnownFileType = sourcecode.c.h; path = "UIImage+MultiFormat.h"; sourceTree = "<group>"; };
		5B2572121D47177B00CB4167 /* UIImage+MultiFormat.m */ = {isa = PBXFileReference; fileEncoding = 4; lastKnownFileType = sourcecode.c.objc; path = "UIImage+MultiFormat.m"; sourceTree = "<group>"; };
		5B2572131D47177B00CB4167 /* UIImage+WebP.h */ = {isa = PBXFileReference; fileEncoding = 4; lastKnownFileType = sourcecode.c.h; path = "UIImage+WebP.h"; sourceTree = "<group>"; };
		5B2572141D47177B00CB4167 /* UIImage+WebP.m */ = {isa = PBXFileReference; fileEncoding = 4; lastKnownFileType = sourcecode.c.objc; path = "UIImage+WebP.m"; sourceTree = "<group>"; };
		5B2572151D47177B00CB4167 /* UIImageView+HighlightedWebCache.h */ = {isa = PBXFileReference; fileEncoding = 4; lastKnownFileType = sourcecode.c.h; path = "UIImageView+HighlightedWebCache.h"; sourceTree = "<group>"; };
		5B2572161D47177B00CB4167 /* UIImageView+HighlightedWebCache.m */ = {isa = PBXFileReference; fileEncoding = 4; lastKnownFileType = sourcecode.c.objc; path = "UIImageView+HighlightedWebCache.m"; sourceTree = "<group>"; };
		5B2572171D47177B00CB4167 /* UIImageView+WebCache.h */ = {isa = PBXFileReference; fileEncoding = 4; lastKnownFileType = sourcecode.c.h; path = "UIImageView+WebCache.h"; sourceTree = "<group>"; };
		5B2572181D47177B00CB4167 /* UIImageView+WebCache.m */ = {isa = PBXFileReference; fileEncoding = 4; lastKnownFileType = sourcecode.c.objc; path = "UIImageView+WebCache.m"; sourceTree = "<group>"; };
		5B2572191D47177B00CB4167 /* UIView+WebCacheOperation.h */ = {isa = PBXFileReference; fileEncoding = 4; lastKnownFileType = sourcecode.c.h; path = "UIView+WebCacheOperation.h"; sourceTree = "<group>"; };
		5B25721A1D47177B00CB4167 /* UIView+WebCacheOperation.m */ = {isa = PBXFileReference; fileEncoding = 4; lastKnownFileType = sourcecode.c.objc; path = "UIView+WebCacheOperation.m"; sourceTree = "<group>"; };
		5B25725D1D47376E00CB4167 /* ServicesManager.h */ = {isa = PBXFileReference; fileEncoding = 4; lastKnownFileType = sourcecode.c.h; name = ServicesManager.h; path = API/ServicesManager.h; sourceTree = "<group>"; };
		5B25725E1D47376E00CB4167 /* ServicesManager.m */ = {isa = PBXFileReference; fileEncoding = 4; lastKnownFileType = sourcecode.c.objc; name = ServicesManager.m; path = API/ServicesManager.m; sourceTree = "<group>"; };
		5B2572601D47378300CB4167 /* UDManager.h */ = {isa = PBXFileReference; fileEncoding = 4; lastKnownFileType = sourcecode.c.h; name = UDManager.h; path = API/UDManager.h; sourceTree = "<group>"; };
		5B2572611D47378300CB4167 /* UDManager.m */ = {isa = PBXFileReference; fileEncoding = 4; lastKnownFileType = sourcecode.c.objc; name = UDManager.m; path = API/UDManager.m; sourceTree = "<group>"; };
		5B25726F1D47475100CB4167 /* RootVC.h */ = {isa = PBXFileReference; fileEncoding = 4; lastKnownFileType = sourcecode.c.h; path = RootVC.h; sourceTree = "<group>"; };
		5B2572701D47475100CB4167 /* RootVC.m */ = {isa = PBXFileReference; fileEncoding = 4; lastKnownFileType = sourcecode.c.objc; path = RootVC.m; sourceTree = "<group>"; };
		5B2572721D47545400CB4167 /* UserVO.h */ = {isa = PBXFileReference; fileEncoding = 4; lastKnownFileType = sourcecode.c.h; path = UserVO.h; sourceTree = "<group>"; };
		5B2572731D47545400CB4167 /* UserVO.m */ = {isa = PBXFileReference; fileEncoding = 4; lastKnownFileType = sourcecode.c.objc; path = UserVO.m; sourceTree = "<group>"; };
		5B2572751D4762CB00CB4167 /* HouseVO.h */ = {isa = PBXFileReference; fileEncoding = 4; lastKnownFileType = sourcecode.c.h; path = HouseVO.h; sourceTree = "<group>"; };
		5B2572761D4762CB00CB4167 /* HouseVO.m */ = {isa = PBXFileReference; fileEncoding = 4; lastKnownFileType = sourcecode.c.objc; path = HouseVO.m; sourceTree = "<group>"; };
		5B3631F71D4AED8100D276D1 /* AddRepairVO.h */ = {isa = PBXFileReference; fileEncoding = 4; lastKnownFileType = sourcecode.c.h; path = AddRepairVO.h; sourceTree = "<group>"; };
		5B3631F81D4AED8100D276D1 /* AddRepairVO.m */ = {isa = PBXFileReference; fileEncoding = 4; lastKnownFileType = sourcecode.c.objc; path = AddRepairVO.m; sourceTree = "<group>"; };
		5B3631FA1D4AED9B00D276D1 /* AddPublicRepairVO.h */ = {isa = PBXFileReference; fileEncoding = 4; lastKnownFileType = sourcecode.c.h; path = AddPublicRepairVO.h; sourceTree = "<group>"; };
		5B3631FB1D4AED9B00D276D1 /* AddPublicRepairVO.m */ = {isa = PBXFileReference; fileEncoding = 4; lastKnownFileType = sourcecode.c.objc; path = AddPublicRepairVO.m; sourceTree = "<group>"; };
		5B3631FD1D4AFEC700D276D1 /* Repair_RootVO.h */ = {isa = PBXFileReference; fileEncoding = 4; lastKnownFileType = sourcecode.c.h; path = Repair_RootVO.h; sourceTree = "<group>"; };
		5B3631FE1D4AFEC700D276D1 /* Repair_RootVO.m */ = {isa = PBXFileReference; fileEncoding = 4; lastKnownFileType = sourcecode.c.objc; path = Repair_RootVO.m; sourceTree = "<group>"; };
		5BED6BB91D49963000C137C5 /* FeeVO.h */ = {isa = PBXFileReference; fileEncoding = 4; lastKnownFileType = sourcecode.c.h; path = FeeVO.h; sourceTree = "<group>"; };
		5BED6BBA1D49963000C137C5 /* FeeVO.m */ = {isa = PBXFileReference; fileEncoding = 4; lastKnownFileType = sourcecode.c.objc; path = FeeVO.m; sourceTree = "<group>"; };
		5BED6BBC1D49964800C137C5 /* FeeHistoryVO.h */ = {isa = PBXFileReference; fileEncoding = 4; lastKnownFileType = sourcecode.c.h; path = FeeHistoryVO.h; sourceTree = "<group>"; };
		5BED6BBD1D49964800C137C5 /* FeeHistoryVO.m */ = {isa = PBXFileReference; fileEncoding = 4; lastKnownFileType = sourcecode.c.objc; path = FeeHistoryVO.m; sourceTree = "<group>"; };
		5BED6BBF1D499DB900C137C5 /* EstateVO.h */ = {isa = PBXFileReference; fileEncoding = 4; lastKnownFileType = sourcecode.c.h; path = EstateVO.h; sourceTree = "<group>"; };
		5BED6BC01D499DB900C137C5 /* EstateVO.m */ = {isa = PBXFileReference; fileEncoding = 4; lastKnownFileType = sourcecode.c.objc; path = EstateVO.m; sourceTree = "<group>"; };
		5BED6BC21D49A53F00C137C5 /* RepairStatuVO.h */ = {isa = PBXFileReference; fileEncoding = 4; lastKnownFileType = sourcecode.c.h; path = RepairStatuVO.h; sourceTree = "<group>"; };
		5BED6BC31D49A53F00C137C5 /* RepairStatuVO.m */ = {isa = PBXFileReference; fileEncoding = 4; lastKnownFileType = sourcecode.c.objc; path = RepairStatuVO.m; sourceTree = "<group>"; };
		5BED6BC51D49AA7F00C137C5 /* RepairVO.h */ = {isa = PBXFileReference; fileEncoding = 4; lastKnownFileType = sourcecode.c.h; path = RepairVO.h; sourceTree = "<group>"; };
		5BED6BC61D49AA7F00C137C5 /* RepairVO.m */ = {isa = PBXFileReference; fileEncoding = 4; lastKnownFileType = sourcecode.c.objc; path = RepairVO.m; sourceTree = "<group>"; };
		5BED6BC81D49CCC500C137C5 /* RepairClassVO.h */ = {isa = PBXFileReference; fileEncoding = 4; lastKnownFileType = sourcecode.c.h; path = RepairClassVO.h; sourceTree = "<group>"; };
		5BED6BC91D49CCC500C137C5 /* RepairClassVO.m */ = {isa = PBXFileReference; fileEncoding = 4; lastKnownFileType = sourcecode.c.objc; path = RepairClassVO.m; sourceTree = "<group>"; };
		5BFFCE151D41B9A30066B1B9 /* THWY_Client.app */ = {isa = PBXFileReference; explicitFileType = wrapper.application; includeInIndex = 0; path = THWY_Client.app; sourceTree = BUILT_PRODUCTS_DIR; };
		5BFFCE191D41B9A30066B1B9 /* main.m */ = {isa = PBXFileReference; lastKnownFileType = sourcecode.c.objc; path = main.m; sourceTree = "<group>"; };
		5BFFCE1B1D41B9A30066B1B9 /* AppDelegate.h */ = {isa = PBXFileReference; lastKnownFileType = sourcecode.c.h; path = AppDelegate.h; sourceTree = "<group>"; };
		5BFFCE1C1D41B9A30066B1B9 /* AppDelegate.m */ = {isa = PBXFileReference; lastKnownFileType = sourcecode.c.objc; path = AppDelegate.m; sourceTree = "<group>"; };
		5BFFCE241D41B9A30066B1B9 /* Assets.xcassets */ = {isa = PBXFileReference; lastKnownFileType = folder.assetcatalog; path = Assets.xcassets; sourceTree = "<group>"; };
		5BFFCE271D41B9A30066B1B9 /* Base */ = {isa = PBXFileReference; lastKnownFileType = file.storyboard; name = Base; path = Base.lproj/LaunchScreen.storyboard; sourceTree = "<group>"; };
		5BFFCE291D41B9A30066B1B9 /* Info.plist */ = {isa = PBXFileReference; lastKnownFileType = text.plist.xml; path = Info.plist; sourceTree = "<group>"; };
		794E73D71D4A3A5100267C84 /* WantRepairesVC.h */ = {isa = PBXFileReference; fileEncoding = 4; lastKnownFileType = sourcecode.c.h; path = WantRepairesVC.h; sourceTree = "<group>"; };
		794E73D81D4A3A5100267C84 /* WantRepairesVC.m */ = {isa = PBXFileReference; fileEncoding = 4; lastKnownFileType = sourcecode.c.objc; path = WantRepairesVC.m; sourceTree = "<group>"; };
		794E73DA1D4A3A8800267C84 /* RepairRecordsVC.h */ = {isa = PBXFileReference; fileEncoding = 4; lastKnownFileType = sourcecode.c.h; path = RepairRecordsVC.h; sourceTree = "<group>"; };
		794E73DB1D4A3A8800267C84 /* RepairRecordsVC.m */ = {isa = PBXFileReference; fileEncoding = 4; lastKnownFileType = sourcecode.c.objc; path = RepairRecordsVC.m; sourceTree = "<group>"; };
		794E73DD1D4A3AB700267C84 /* BussnessCircleVC.h */ = {isa = PBXFileReference; fileEncoding = 4; lastKnownFileType = sourcecode.c.h; path = BussnessCircleVC.h; sourceTree = "<group>"; };
		794E73DE1D4A3AB700267C84 /* BussnessCircleVC.m */ = {isa = PBXFileReference; fileEncoding = 4; lastKnownFileType = sourcecode.c.objc; path = BussnessCircleVC.m; sourceTree = "<group>"; };
		794E73E11D4A454700267C84 /* DTKDropdownMenuView.bundle */ = {isa = PBXFileReference; lastKnownFileType = "wrapper.plug-in"; path = DTKDropdownMenuView.bundle; sourceTree = "<group>"; };
		794E73E21D4A454700267C84 /* DTKDropdownMenuView.h */ = {isa = PBXFileReference; fileEncoding = 4; lastKnownFileType = sourcecode.c.h; path = DTKDropdownMenuView.h; sourceTree = "<group>"; };
		794E73E31D4A454700267C84 /* DTKDropdownMenuView.m */ = {isa = PBXFileReference; fileEncoding = 4; lastKnownFileType = sourcecode.c.objc; path = DTKDropdownMenuView.m; sourceTree = "<group>"; };
		794E73E61D4A4F3E00267C84 /* PushSettingVC.h */ = {isa = PBXFileReference; fileEncoding = 4; lastKnownFileType = sourcecode.c.h; path = PushSettingVC.h; sourceTree = "<group>"; };
		794E73E71D4A4F3E00267C84 /* PushSettingVC.m */ = {isa = PBXFileReference; fileEncoding = 4; lastKnownFileType = sourcecode.c.objc; path = PushSettingVC.m; sourceTree = "<group>"; };
		794E73E91D4A4F6200267C84 /* TechSupportVC.h */ = {isa = PBXFileReference; fileEncoding = 4; lastKnownFileType = sourcecode.c.h; path = TechSupportVC.h; sourceTree = "<group>"; };
		794E73EA1D4A4F6200267C84 /* TechSupportVC.m */ = {isa = PBXFileReference; fileEncoding = 4; lastKnownFileType = sourcecode.c.objc; path = TechSupportVC.m; sourceTree = "<group>"; };
/* End PBXFileReference section */

/* Begin PBXFrameworksBuildPhase section */
		5BFFCE121D41B9A30066B1B9 /* Frameworks */ = {
			isa = PBXFrameworksBuildPhase;
			buildActionMask = 2147483647;
			files = (
				5B197EC11D48527600B95DE5 /* libUMessage_Sdk_1.3.0.a in Frameworks */,
			);
			runOnlyForDeploymentPostprocessing = 0;
		};
/* End PBXFrameworksBuildPhase section */

/* Begin PBXGroup section */
		1E42BB5C1D49DD3F0021DA01 /* loginView */ = {
			isa = PBXGroup;
			children = (
				1E42BB5E1D49DD820021DA01 /* View */,
				1E42BB5D1D49DD7A0021DA01 /* Controller */,
			);
			name = loginView;
			sourceTree = "<group>";
		};
		1E42BB5D1D49DD7A0021DA01 /* Controller */ = {
			isa = PBXGroup;
			children = (
				1E0489EB1D48818B00D6B0CC /* LoginViewController.h */,
				1E0489EC1D48818B00D6B0CC /* LoginViewController.m */,
			);
			name = Controller;
			sourceTree = "<group>";
		};
		1E42BB5E1D49DD820021DA01 /* View */ = {
			isa = PBXGroup;
			children = (
				1E42BB531D498DEE0021DA01 /* userAndPassWordTextField.h */,
				1E42BB541D498DEE0021DA01 /* userAndPassWordTextField.m */,
				1E42BB561D4994E30021DA01 /* BlueCheckButton.h */,
				1E42BB571D4994E30021DA01 /* BlueCheckButton.m */,
			);
			name = View;
			sourceTree = "<group>";
		};
		1E42BB5F1D49E3D80021DA01 /* PersonInfo */ = {
			isa = PBXGroup;
			children = (
				1E42BB611D49E4030021DA01 /* View */,
				1E42BB601D49E3FA0021DA01 /* Controller */,
			);
			name = PersonInfo;
			sourceTree = "<group>";
		};
		1E42BB601D49E3FA0021DA01 /* Controller */ = {
			isa = PBXGroup;
			children = (
				1E42BB621D49E4240021DA01 /* PersonInfoViewController.h */,
				1E42BB631D49E4240021DA01 /* PersonInfoViewController.m */,
			);
			name = Controller;
			sourceTree = "<group>";
		};
		1E42BB611D49E4030021DA01 /* View */ = {
			isa = PBXGroup;
			children = (
				1E3BA38F1D4AFF2B00633D0B /* PersonInfoLabel.h */,
				1E3BA3901D4AFF2B00633D0B /* PersonInfoLabel.m */,
			);
			name = View;
			sourceTree = "<group>";
		};
		5B197EBE1D48527600B95DE5 /* UMessage_Sdk_1.3.0 */ = {
			isa = PBXGroup;
			children = (
				5B197EBF1D48527600B95DE5 /* libUMessage_Sdk_1.3.0.a */,
				5B197EC01D48527600B95DE5 /* UMessage.h */,
			);
			path = UMessage_Sdk_1.3.0;
			sourceTree = "<group>";
		};
		5B197ECB1D487DAC00B95DE5 /* Masonry */ = {
			isa = PBXGroup;
			children = (
				5B197ECC1D487DAC00B95DE5 /* Info.plist */,
				5B197ECD1D487DAC00B95DE5 /* MASCompositeConstraint.h */,
				5B197ECE1D487DAC00B95DE5 /* MASCompositeConstraint.m */,
				5B197ECF1D487DAC00B95DE5 /* MASConstraint+Private.h */,
				5B197ED01D487DAC00B95DE5 /* MASConstraint.h */,
				5B197ED11D487DAC00B95DE5 /* MASConstraint.m */,
				5B197ED21D487DAC00B95DE5 /* MASConstraintMaker.h */,
				5B197ED31D487DAC00B95DE5 /* MASConstraintMaker.m */,
				5B197ED41D487DAC00B95DE5 /* MASLayoutConstraint.h */,
				5B197ED51D487DAC00B95DE5 /* MASLayoutConstraint.m */,
				5B197ED61D487DAC00B95DE5 /* Masonry.h */,
				5B197ED71D487DAC00B95DE5 /* MASUtilities.h */,
				5B197ED81D487DAC00B95DE5 /* MASViewAttribute.h */,
				5B197ED91D487DAC00B95DE5 /* MASViewAttribute.m */,
				5B197EDA1D487DAC00B95DE5 /* MASViewConstraint.h */,
				5B197EDB1D487DAC00B95DE5 /* MASViewConstraint.m */,
				5B197EDC1D487DAC00B95DE5 /* NSArray+MASAdditions.h */,
				5B197EDD1D487DAC00B95DE5 /* NSArray+MASAdditions.m */,
				5B197EDE1D487DAC00B95DE5 /* NSArray+MASShorthandAdditions.h */,
				5B197EDF1D487DAC00B95DE5 /* NSLayoutConstraint+MASDebugAdditions.h */,
				5B197EE01D487DAC00B95DE5 /* NSLayoutConstraint+MASDebugAdditions.m */,
				5B197EE11D487DAC00B95DE5 /* View+MASAdditions.h */,
				5B197EE21D487DAC00B95DE5 /* View+MASAdditions.m */,
				5B197EE31D487DAC00B95DE5 /* View+MASShorthandAdditions.h */,
				5B197EE41D487DAC00B95DE5 /* ViewController+MASAdditions.h */,
				5B197EE51D487DAC00B95DE5 /* ViewController+MASAdditions.m */,
			);
			path = Masonry;
			sourceTree = "<group>";
		};
		5B25714B1D47103100CB4167 /* MainController */ = {
			isa = PBXGroup;
			children = (
				5B25726F1D47475100CB4167 /* RootVC.h */,
				5B2572701D47475100CB4167 /* RootVC.m */,
				5B2571551D4710C100CB4167 /* MainNavigationViewController.h */,
				5B2571561D4710C100CB4167 /* MainNavigationViewController.m */,
			);
			name = MainController;
			sourceTree = "<group>";
		};
		5B25714C1D47105800CB4167 /* model */ = {
			isa = PBXGroup;
			children = (
				5B2572721D47545400CB4167 /* UserVO.h */,
				5B2572731D47545400CB4167 /* UserVO.m */,
				5B2572751D4762CB00CB4167 /* HouseVO.h */,
				5B2572761D4762CB00CB4167 /* HouseVO.m */,
				5B197EC81D48779B00B95DE5 /* PointHistoryVO.h */,
				5B197EC91D48779B00B95DE5 /* PointHistoryVO.m */,
				5B197EF41D4894D100B95DE5 /* FeedBackVO.h */,
				5B197EF51D4894D100B95DE5 /* FeedBackVO.m */,
				5B197EF11D48924300B95DE5 /* FeedBackTypeVO.h */,
				5B197EF21D48924300B95DE5 /* FeedBackTypeVO.m */,
				5B197EF71D48A0BD00B95DE5 /* ComplaintStateVO.h */,
				5B197EF81D48A0BD00B95DE5 /* ComplaintStateVO.m */,
				5B197EFA1D48A32E00B95DE5 /* ComplaintTypeVO.h */,
				5B197EFB1D48A32E00B95DE5 /* ComplaintTypeVO.m */,
				5B197EFD1D48A47800B95DE5 /* ComplaintVO.h */,
				5B197EFE1D48A47800B95DE5 /* ComplaintVO.m */,
				5B197F001D48A86E00B95DE5 /* NoteVO.h */,
				5B197F011D48A86E00B95DE5 /* NoteVO.m */,
				5B197F031D48A9E600B95DE5 /* MerchantTypeVO.h */,
				5B197F041D48A9E600B95DE5 /* MerchantTypeVO.m */,
				5B197F061D48AD0300B95DE5 /* MerchantVO.h */,
				5B197F071D48AD0300B95DE5 /* MerchantVO.m */,
				5B197F091D48AD2C00B95DE5 /* GoodVO.h */,
				5B197F0A1D48AD2C00B95DE5 /* GoodVO.m */,
				5B197F0C1D48B73E00B95DE5 /* AdVO.h */,
				5B197F0D1D48B73E00B95DE5 /* AdVO.m */,
				5BED6BB91D49963000C137C5 /* FeeVO.h */,
				5BED6BBA1D49963000C137C5 /* FeeVO.m */,
				5BED6BBC1D49964800C137C5 /* FeeHistoryVO.h */,
				5BED6BBD1D49964800C137C5 /* FeeHistoryVO.m */,
				5BED6BBF1D499DB900C137C5 /* EstateVO.h */,
				5BED6BC01D499DB900C137C5 /* EstateVO.m */,
				5BED6BC21D49A53F00C137C5 /* RepairStatuVO.h */,
				5BED6BC31D49A53F00C137C5 /* RepairStatuVO.m */,
				5BED6BC51D49AA7F00C137C5 /* RepairVO.h */,
				5BED6BC61D49AA7F00C137C5 /* RepairVO.m */,
				5BED6BC81D49CCC500C137C5 /* RepairClassVO.h */,
				5BED6BC91D49CCC500C137C5 /* RepairClassVO.m */,
				5B3631FD1D4AFEC700D276D1 /* Repair_RootVO.h */,
				5B3631FE1D4AFEC700D276D1 /* Repair_RootVO.m */,
				5B3631F71D4AED8100D276D1 /* AddRepairVO.h */,
				5B3631F81D4AED8100D276D1 /* AddRepairVO.m */,
				5B3631FA1D4AED9B00D276D1 /* AddPublicRepairVO.h */,
				5B3631FB1D4AED9B00D276D1 /* AddPublicRepairVO.m */,
			);
			name = model;
			sourceTree = "<group>";
		};
		5B25714D1D47105E00CB4167 /* util */ = {
			isa = PBXGroup;
			children = (
				5B25725D1D47376E00CB4167 /* ServicesManager.h */,
				5B25725E1D47376E00CB4167 /* ServicesManager.m */,
				5B2572601D47378300CB4167 /* UDManager.h */,
				5B2572611D47378300CB4167 /* UDManager.m */,
				5B2571581D47110B00CB4167 /* tools */,
			);
			name = util;
			sourceTree = "<group>";
		};
		5B25714E1D47106500CB4167 /* view */ = {
			isa = PBXGroup;
			children = (
			);
			name = view;
			sourceTree = "<group>";
		};
		5B25714F1D47106800CB4167 /* viewController */ = {
			isa = PBXGroup;
			children = (
				5B2571541D4710AD00CB4167 /* OtherController */,
				5B25714B1D47103100CB4167 /* MainController */,
				5B2571531D4710A100CB4167 /* ChildController */,
			);
			name = viewController;
			sourceTree = "<group>";
		};
		5B2571531D4710A100CB4167 /* ChildController */ = {
			isa = PBXGroup;
			children = (
				5B2571891D47120700CB4167 /* MainVC.h */,
				5B25718A1D47120700CB4167 /* MainVC.m */,
				794E73D71D4A3A5100267C84 /* WantRepairesVC.h */,
				794E73D81D4A3A5100267C84 /* WantRepairesVC.m */,
				794E73DA1D4A3A8800267C84 /* RepairRecordsVC.h */,
				794E73DB1D4A3A8800267C84 /* RepairRecordsVC.m */,
				794E73DD1D4A3AB700267C84 /* BussnessCircleVC.h */,
				794E73DE1D4A3AB700267C84 /* BussnessCircleVC.m */,
				794E73E61D4A4F3E00267C84 /* PushSettingVC.h */,
				794E73E71D4A4F3E00267C84 /* PushSettingVC.m */,
				794E73E91D4A4F6200267C84 /* TechSupportVC.h */,
				794E73EA1D4A4F6200267C84 /* TechSupportVC.m */,
			);
			name = ChildController;
			sourceTree = "<group>";
		};
		5B2571541D4710AD00CB4167 /* OtherController */ = {
			isa = PBXGroup;
			children = (
				1E42BB5F1D49E3D80021DA01 /* PersonInfo */,
				1E42BB5C1D49DD3F0021DA01 /* loginView */,
			);
			name = OtherController;
			sourceTree = "<group>";
		};
		5B2571581D47110B00CB4167 /* tools */ = {
			isa = PBXGroup;
			children = (
				5B2571591D47110B00CB4167 /* BXExtensions.h */,
				5B25715A1D47110B00CB4167 /* Foundation+Log.m */,
				5B25715B1D47110B00CB4167 /* NSArray+Extension.h */,
				5B25715C1D47110B00CB4167 /* NSArray+Extension.m */,
				5B25715D1D47110B00CB4167 /* NSDate+Extension.h */,
				5B25715E1D47110B00CB4167 /* NSDate+Extension.m */,
				5B25715F1D47110B00CB4167 /* NSDate+Helper.h */,
				5B2571601D47110B00CB4167 /* NSDate+Helper.m */,
				5B2571611D47110B00CB4167 /* NSDictionary+Extension.h */,
				5B2571621D47110B00CB4167 /* NSDictionary+Extension.m */,
				5B2571631D47110B00CB4167 /* NSString+BXExtension.h */,
				5B2571641D47110B00CB4167 /* NSString+BXExtension.m */,
				5B2571651D47110B00CB4167 /* UIApplication+Extensions.h */,
				5B2571661D47110B00CB4167 /* UIApplication+Extensions.m */,
				5B2571671D47110B00CB4167 /* UIBarButtonItem+Extension.h */,
				5B2571681D47110B00CB4167 /* UIBarButtonItem+Extension.m */,
				5B2571691D47110B00CB4167 /* UIButton+Extension.h */,
				5B25716A1D47110B00CB4167 /* UIButton+Extension.m */,
				5B25716B1D47110B00CB4167 /* UIDevice+DeviceType.h */,
				5B25716C1D47110B00CB4167 /* UIDevice+DeviceType.m */,
				5B25716D1D47110B00CB4167 /* UIFont+Extension.h */,
				5B25716E1D47110B00CB4167 /* UIFont+Extension.m */,
				5B25716F1D47110B00CB4167 /* UIImage+Extension.h */,
				5B2571701D47110B00CB4167 /* UIImage+Extension.m */,
				5B2571711D47110B00CB4167 /* UIImage+ScreenShot.h */,
				5B2571721D47110B00CB4167 /* UIImage+ScreenShot.m */,
				5B2571731D47110B00CB4167 /* UILabel+Extension.h */,
				5B2571741D47110B00CB4167 /* UILabel+Extension.m */,
				5B2571751D47110B00CB4167 /* UIScreen+Extension.h */,
				5B2571761D47110B00CB4167 /* UIScreen+Extension.m */,
				5B2571771D47110B00CB4167 /* UIView+Extension.h */,
				5B2571781D47110B00CB4167 /* UIView+Extension.m */,
			);
			path = tools;
			sourceTree = "<group>";
		};
		5B2571CF1D47169600CB4167 /* 3rd */ = {
			isa = PBXGroup;
			children = (
				794E73E01D4A454700267C84 /* DTKDropdownMenuView */,
				5B197ECB1D487DAC00B95DE5 /* Masonry */,
				5B197EBE1D48527600B95DE5 /* UMessage_Sdk_1.3.0 */,
				5B2571F91D47177B00CB4167 /* SDWebImage */,
				5B2571D11D4716EE00CB4167 /* AFNetworking */,
			);
			name = 3rd;
			sourceTree = "<group>";
		};
		5B2571D11D4716EE00CB4167 /* AFNetworking */ = {
			isa = PBXGroup;
			children = (
				5B2571D21D4716EE00CB4167 /* AFHTTPSessionManager.h */,
				5B2571D31D4716EE00CB4167 /* AFHTTPSessionManager.m */,
				5B2571D41D4716EE00CB4167 /* AFNetworking.h */,
				5B2571D51D4716EE00CB4167 /* AFNetworkReachabilityManager.h */,
				5B2571D61D4716EE00CB4167 /* AFNetworkReachabilityManager.m */,
				5B2571D71D4716EE00CB4167 /* AFSecurityPolicy.h */,
				5B2571D81D4716EE00CB4167 /* AFSecurityPolicy.m */,
				5B2571D91D4716EE00CB4167 /* AFURLRequestSerialization.h */,
				5B2571DA1D4716EE00CB4167 /* AFURLRequestSerialization.m */,
				5B2571DB1D4716EE00CB4167 /* AFURLResponseSerialization.h */,
				5B2571DC1D4716EE00CB4167 /* AFURLResponseSerialization.m */,
				5B2571DD1D4716EE00CB4167 /* AFURLSessionManager.h */,
				5B2571DE1D4716EE00CB4167 /* AFURLSessionManager.m */,
			);
			path = AFNetworking;
			sourceTree = "<group>";
		};
		5B2571F91D47177B00CB4167 /* SDWebImage */ = {
			isa = PBXGroup;
			children = (
				5B2571FA1D47177B00CB4167 /* MKAnnotationView+WebCache.h */,
				5B2571FB1D47177B00CB4167 /* MKAnnotationView+WebCache.m */,
				5B2571FC1D47177B00CB4167 /* NSData+ImageContentType.h */,
				5B2571FD1D47177B00CB4167 /* NSData+ImageContentType.m */,
				5B2571FE1D47177B00CB4167 /* SDImageCache.h */,
				5B2571FF1D47177B00CB4167 /* SDImageCache.m */,
				5B2572001D47177B00CB4167 /* SDWebImageCompat.h */,
				5B2572011D47177B00CB4167 /* SDWebImageCompat.m */,
				5B2572021D47177B00CB4167 /* SDWebImageDecoder.h */,
				5B2572031D47177B00CB4167 /* SDWebImageDecoder.m */,
				5B2572041D47177B00CB4167 /* SDWebImageDownloader.h */,
				5B2572051D47177B00CB4167 /* SDWebImageDownloader.m */,
				5B2572061D47177B00CB4167 /* SDWebImageDownloaderOperation.h */,
				5B2572071D47177B00CB4167 /* SDWebImageDownloaderOperation.m */,
				5B2572081D47177B00CB4167 /* SDWebImageManager.h */,
				5B2572091D47177B00CB4167 /* SDWebImageManager.m */,
				5B25720A1D47177B00CB4167 /* SDWebImageOperation.h */,
				5B25720B1D47177B00CB4167 /* SDWebImagePrefetcher.h */,
				5B25720C1D47177B00CB4167 /* SDWebImagePrefetcher.m */,
				5B25720D1D47177B00CB4167 /* UIButton+WebCache.h */,
				5B25720E1D47177B00CB4167 /* UIButton+WebCache.m */,
				5B25720F1D47177B00CB4167 /* UIImage+GIF.h */,
				5B2572101D47177B00CB4167 /* UIImage+GIF.m */,
				5B2572111D47177B00CB4167 /* UIImage+MultiFormat.h */,
				5B2572121D47177B00CB4167 /* UIImage+MultiFormat.m */,
				5B2572131D47177B00CB4167 /* UIImage+WebP.h */,
				5B2572141D47177B00CB4167 /* UIImage+WebP.m */,
				5B2572151D47177B00CB4167 /* UIImageView+HighlightedWebCache.h */,
				5B2572161D47177B00CB4167 /* UIImageView+HighlightedWebCache.m */,
				5B2572171D47177B00CB4167 /* UIImageView+WebCache.h */,
				5B2572181D47177B00CB4167 /* UIImageView+WebCache.m */,
				5B2572191D47177B00CB4167 /* UIView+WebCacheOperation.h */,
				5B25721A1D47177B00CB4167 /* UIView+WebCacheOperation.m */,
			);
			path = SDWebImage;
			sourceTree = "<group>";
		};
		5BFFCE0C1D41B9A30066B1B9 = {
			isa = PBXGroup;
			children = (
				5BFFCE171D41B9A30066B1B9 /* THWY_Client */,
				5BFFCE161D41B9A30066B1B9 /* Products */,
			);
			sourceTree = "<group>";
		};
		5BFFCE161D41B9A30066B1B9 /* Products */ = {
			isa = PBXGroup;
			children = (
				5BFFCE151D41B9A30066B1B9 /* THWY_Client.app */,
			);
			name = Products;
			sourceTree = "<group>";
		};
		5BFFCE171D41B9A30066B1B9 /* THWY_Client */ = {
			isa = PBXGroup;
			children = (
				5B2571CF1D47169600CB4167 /* 3rd */,
				5B25714D1D47105E00CB4167 /* util */,
				5B25714C1D47105800CB4167 /* model */,
				5B25714F1D47106800CB4167 /* viewController */,
				5B25714E1D47106500CB4167 /* view */,
				5BFFCE1B1D41B9A30066B1B9 /* AppDelegate.h */,
				5BFFCE1C1D41B9A30066B1B9 /* AppDelegate.m */,
				5BFFCE241D41B9A30066B1B9 /* Assets.xcassets */,
				1E3BA3B51D4B249200633D0B /* yitailogo.png */,
				5BFFCE261D41B9A30066B1B9 /* LaunchScreen.storyboard */,
				5BFFCE181D41B9A30066B1B9 /* Supporting Files */,
			);
			path = THWY_Client;
			sourceTree = "<group>";
		};
		5BFFCE181D41B9A30066B1B9 /* Supporting Files */ = {
			isa = PBXGroup;
			children = (
				5BFFCE291D41B9A30066B1B9 /* Info.plist */,
				5BFFCE191D41B9A30066B1B9 /* main.m */,
				5B25714A1D470E6800CB4167 /* PrefixHeader.pch */,
			);
			name = "Supporting Files";
			sourceTree = "<group>";
		};
		794E73E01D4A454700267C84 /* DTKDropdownMenuView */ = {
			isa = PBXGroup;
			children = (
				794E73E11D4A454700267C84 /* DTKDropdownMenuView.bundle */,
				794E73E21D4A454700267C84 /* DTKDropdownMenuView.h */,
				794E73E31D4A454700267C84 /* DTKDropdownMenuView.m */,
			);
			path = DTKDropdownMenuView;
			sourceTree = "<group>";
		};
/* End PBXGroup section */

/* Begin PBXNativeTarget section */
		5BFFCE141D41B9A30066B1B9 /* THWY_Client */ = {
			isa = PBXNativeTarget;
			buildConfigurationList = 5BFFCE2C1D41B9A30066B1B9 /* Build configuration list for PBXNativeTarget "THWY_Client" */;
			buildPhases = (
				5BFFCE111D41B9A30066B1B9 /* Sources */,
				5BFFCE121D41B9A30066B1B9 /* Frameworks */,
				5BFFCE131D41B9A30066B1B9 /* Resources */,
			);
			buildRules = (
			);
			dependencies = (
			);
			name = THWY_Client;
			productName = THWY_Client;
			productReference = 5BFFCE151D41B9A30066B1B9 /* THWY_Client.app */;
			productType = "com.apple.product-type.application";
		};
/* End PBXNativeTarget section */

/* Begin PBXProject section */
		5BFFCE0D1D41B9A30066B1B9 /* Project object */ = {
			isa = PBXProject;
			attributes = {
				LastUpgradeCheck = 0730;
				ORGANIZATIONNAME = SXZ;
				TargetAttributes = {
					5BFFCE141D41B9A30066B1B9 = {
						CreatedOnToolsVersion = 7.3.1;
						DevelopmentTeam = XFDA7223K5;
						SystemCapabilities = {
							com.apple.BackgroundModes = {
								enabled = 1;
							};
							com.apple.Push = {
								enabled = 1;
							};
						};
					};
				};
			};
			buildConfigurationList = 5BFFCE101D41B9A30066B1B9 /* Build configuration list for PBXProject "THWY_Client" */;
			compatibilityVersion = "Xcode 3.2";
			developmentRegion = English;
			hasScannedForEncodings = 0;
			knownRegions = (
				en,
				Base,
			);
			mainGroup = 5BFFCE0C1D41B9A30066B1B9;
			productRefGroup = 5BFFCE161D41B9A30066B1B9 /* Products */;
			projectDirPath = "";
			projectRoot = "";
			targets = (
				5BFFCE141D41B9A30066B1B9 /* THWY_Client */,
			);
		};
/* End PBXProject section */

/* Begin PBXResourcesBuildPhase section */
		5BFFCE131D41B9A30066B1B9 /* Resources */ = {
			isa = PBXResourcesBuildPhase;
			buildActionMask = 2147483647;
			files = (
				5B197EE61D487DAC00B95DE5 /* Info.plist in Resources */,
				1E3BA3B61D4B249200633D0B /* yitailogo.png in Resources */,
				5BFFCE281D41B9A30066B1B9 /* LaunchScreen.storyboard in Resources */,
				794E73E41D4A454700267C84 /* DTKDropdownMenuView.bundle in Resources */,
				5BFFCE251D41B9A30066B1B9 /* Assets.xcassets in Resources */,
			);
			runOnlyForDeploymentPostprocessing = 0;
		};
/* End PBXResourcesBuildPhase section */

/* Begin PBXSourcesBuildPhase section */
		5BFFCE111D41B9A30066B1B9 /* Sources */ = {
			isa = PBXSourcesBuildPhase;
			buildActionMask = 2147483647;
			files = (
				1E42BB591D49C3670021DA01 /* ServicesManager.m in Sources */,
				5B25722A1D47177B00CB4167 /* UIView+WebCacheOperation.m in Sources */,
				5B2571861D47110B00CB4167 /* UILabel+Extension.m in Sources */,
				5B2571801D47110B00CB4167 /* UIBarButtonItem+Extension.m in Sources */,
				5BED6BBB1D49963000C137C5 /* FeeVO.m in Sources */,
				5B2572711D47475100CB4167 /* RootVC.m in Sources */,
				5B25717B1D47110B00CB4167 /* NSDate+Extension.m in Sources */,
				5B25717A1D47110B00CB4167 /* NSArray+Extension.m in Sources */,
				5BED6BBE1D49964800C137C5 /* FeeHistoryVO.m in Sources */,
				5B2571E11D4716EE00CB4167 /* AFSecurityPolicy.m in Sources */,
				5B25717D1D47110B00CB4167 /* NSDictionary+Extension.m in Sources */,
				5B197EEC1D487DAC00B95DE5 /* MASViewConstraint.m in Sources */,
				5B2571DF1D4716EE00CB4167 /* AFHTTPSessionManager.m in Sources */,
				5B197EE71D487DAC00B95DE5 /* MASCompositeConstraint.m in Sources */,
				794E73E81D4A4F3E00267C84 /* PushSettingVC.m in Sources */,
				5B2572211D47177B00CB4167 /* SDWebImageDownloaderOperation.m in Sources */,
				5B2572231D47177B00CB4167 /* SDWebImagePrefetcher.m in Sources */,
				5BED6BC11D499DB900C137C5 /* EstateVO.m in Sources */,
				5B2571851D47110B00CB4167 /* UIImage+ScreenShot.m in Sources */,
				1E3BA3911D4AFF2B00633D0B /* PersonInfoLabel.m in Sources */,
				5B197EFF1D48A47800B95DE5 /* ComplaintVO.m in Sources */,
				5B2571791D47110B00CB4167 /* Foundation+Log.m in Sources */,
				5B197F0B1D48AD2C00B95DE5 /* GoodVO.m in Sources */,
				5B25717C1D47110B00CB4167 /* NSDate+Helper.m in Sources */,
				1E0489ED1D48818B00D6B0CC /* LoginViewController.m in Sources */,
				5B2572261D47177B00CB4167 /* UIImage+MultiFormat.m in Sources */,
				5B25718B1D47120700CB4167 /* MainVC.m in Sources */,
				5B2571841D47110B00CB4167 /* UIImage+Extension.m in Sources */,
				5B2572241D47177B00CB4167 /* UIButton+WebCache.m in Sources */,
				5BED6BC41D49A53F00C137C5 /* RepairStatuVO.m in Sources */,
				5B2572251D47177B00CB4167 /* UIImage+GIF.m in Sources */,
				5B2571881D47110B00CB4167 /* UIView+Extension.m in Sources */,
				5B197EEE1D487DAC00B95DE5 /* NSLayoutConstraint+MASDebugAdditions.m in Sources */,
				5B2571571D4710C100CB4167 /* MainNavigationViewController.m in Sources */,
				5B197EEB1D487DAC00B95DE5 /* MASViewAttribute.m in Sources */,
				5B3631FF1D4AFEC700D276D1 /* Repair_RootVO.m in Sources */,
				5B2571831D47110B00CB4167 /* UIFont+Extension.m in Sources */,
				5B25717E1D47110B00CB4167 /* NSString+BXExtension.m in Sources */,
				5B197F021D48A86E00B95DE5 /* NoteVO.m in Sources */,
				5B197F051D48A9E600B95DE5 /* MerchantTypeVO.m in Sources */,
				5B197EED1D487DAC00B95DE5 /* NSArray+MASAdditions.m in Sources */,
				5B2571E21D4716EE00CB4167 /* AFURLRequestSerialization.m in Sources */,
				5B2571E41D4716EE00CB4167 /* AFURLSessionManager.m in Sources */,
				5B25721D1D47177B00CB4167 /* SDImageCache.m in Sources */,
				5B2571E31D4716EE00CB4167 /* AFURLResponseSerialization.m in Sources */,
				1E42BB641D49E4240021DA01 /* PersonInfoViewController.m in Sources */,
				5B197EFC1D48A32E00B95DE5 /* ComplaintTypeVO.m in Sources */,
				794E73D91D4A3A5100267C84 /* WantRepairesVC.m in Sources */,
				5B197EF61D4894D100B95DE5 /* FeedBackVO.m in Sources */,
				5B3631FC1D4AED9B00D276D1 /* AddPublicRepairVO.m in Sources */,
				5B197ECA1D48779B00B95DE5 /* PointHistoryVO.m in Sources */,
				5B2572771D4762CB00CB4167 /* HouseVO.m in Sources */,
				5B2572221D47177B00CB4167 /* SDWebImageManager.m in Sources */,
				5B197EEA1D487DAC00B95DE5 /* MASLayoutConstraint.m in Sources */,
				794E73DF1D4A3AB700267C84 /* BussnessCircleVC.m in Sources */,
				5B2572271D47177B00CB4167 /* UIImage+WebP.m in Sources */,
				5BED6BC71D49AA7F00C137C5 /* RepairVO.m in Sources */,
				5B197EEF1D487DAC00B95DE5 /* View+MASAdditions.m in Sources */,
				5B2571E01D4716EE00CB4167 /* AFNetworkReachabilityManager.m in Sources */,
				5B197EE81D487DAC00B95DE5 /* MASConstraint.m in Sources */,
				5B3631F91D4AED8100D276D1 /* AddRepairVO.m in Sources */,
				5BFFCE1D1D41B9A30066B1B9 /* AppDelegate.m in Sources */,
				1E42BB551D498DEE0021DA01 /* userAndPassWordTextField.m in Sources */,
				5BFFCE1A1D41B9A30066B1B9 /* main.m in Sources */,
				5B2571821D47110B00CB4167 /* UIDevice+DeviceType.m in Sources */,
				5B2572291D47177B00CB4167 /* UIImageView+WebCache.m in Sources */,
				794E73DC1D4A3A8800267C84 /* RepairRecordsVC.m in Sources */,
				5B2572201D47177B00CB4167 /* SDWebImageDownloader.m in Sources */,
				5B2571811D47110B00CB4167 /* UIButton+Extension.m in Sources */,
				5B197EE91D487DAC00B95DE5 /* MASConstraintMaker.m in Sources */,
				5B25721B1D47177B00CB4167 /* MKAnnotationView+WebCache.m in Sources */,
				5B25717F1D47110B00CB4167 /* UIApplication+Extensions.m in Sources */,
				5B197F081D48AD0300B95DE5 /* MerchantVO.m in Sources */,
				5B25721F1D47177B00CB4167 /* SDWebImageDecoder.m in Sources */,
				1E42BB581D4994E30021DA01 /* BlueCheckButton.m in Sources */,
				5B25721E1D47177B00CB4167 /* SDWebImageCompat.m in Sources */,
				5B2572281D47177B00CB4167 /* UIImageView+HighlightedWebCache.m in Sources */,
				94D708931D4C68EE00C5009D /* ComplaintStateVO.m in Sources */,
				5B25721C1D47177B00CB4167 /* NSData+ImageContentType.m in Sources */,
				794E73E51D4A454700267C84 /* DTKDropdownMenuView.m in Sources */,
				5B197EF01D487DAC00B95DE5 /* ViewController+MASAdditions.m in Sources */,
				5B197F0E1D48B73E00B95DE5 /* AdVO.m in Sources */,
				5B2572741D47545400CB4167 /* UserVO.m in Sources */,
				5B197EF31D48924300B95DE5 /* FeedBackTypeVO.m in Sources */,
				5B2571871D47110B00CB4167 /* UIScreen+Extension.m in Sources */,
				5BED6BCA1D49CCC500C137C5 /* RepairClassVO.m in Sources */,
				5B2572621D47378300CB4167 /* UDManager.m in Sources */,
			);
			runOnlyForDeploymentPostprocessing = 0;
		};
/* End PBXSourcesBuildPhase section */

/* Begin PBXVariantGroup section */
		5BFFCE261D41B9A30066B1B9 /* LaunchScreen.storyboard */ = {
			isa = PBXVariantGroup;
			children = (
				5BFFCE271D41B9A30066B1B9 /* Base */,
			);
			name = LaunchScreen.storyboard;
			sourceTree = "<group>";
		};
/* End PBXVariantGroup section */

/* Begin XCBuildConfiguration section */
		5BFFCE2A1D41B9A30066B1B9 /* Debug */ = {
			isa = XCBuildConfiguration;
			buildSettings = {
				ALWAYS_SEARCH_USER_PATHS = NO;
				CLANG_ANALYZER_NONNULL = YES;
				CLANG_CXX_LANGUAGE_STANDARD = "gnu++0x";
				CLANG_CXX_LIBRARY = "libc++";
				CLANG_ENABLE_MODULES = YES;
				CLANG_ENABLE_OBJC_ARC = YES;
				CLANG_WARN_BOOL_CONVERSION = YES;
				CLANG_WARN_CONSTANT_CONVERSION = YES;
				CLANG_WARN_DIRECT_OBJC_ISA_USAGE = YES_ERROR;
				CLANG_WARN_EMPTY_BODY = YES;
				CLANG_WARN_ENUM_CONVERSION = YES;
				CLANG_WARN_INT_CONVERSION = YES;
				CLANG_WARN_OBJC_ROOT_CLASS = YES_ERROR;
				CLANG_WARN_UNREACHABLE_CODE = YES;
				CLANG_WARN__DUPLICATE_METHOD_MATCH = YES;
				"CODE_SIGN_IDENTITY[sdk=iphoneos*]" = "iPhone Developer";
				COPY_PHASE_STRIP = NO;
				DEBUG_INFORMATION_FORMAT = dwarf;
				ENABLE_STRICT_OBJC_MSGSEND = YES;
				ENABLE_TESTABILITY = YES;
				GCC_C_LANGUAGE_STANDARD = gnu99;
				GCC_DYNAMIC_NO_PIC = NO;
				GCC_NO_COMMON_BLOCKS = YES;
				GCC_OPTIMIZATION_LEVEL = 0;
				GCC_PREPROCESSOR_DEFINITIONS = (
					"DEBUG=1",
					"$(inherited)",
				);
				GCC_WARN_64_TO_32_BIT_CONVERSION = YES;
				GCC_WARN_ABOUT_RETURN_TYPE = YES_ERROR;
				GCC_WARN_UNDECLARED_SELECTOR = YES;
				GCC_WARN_UNINITIALIZED_AUTOS = YES_AGGRESSIVE;
				GCC_WARN_UNUSED_FUNCTION = YES;
				GCC_WARN_UNUSED_VARIABLE = YES;
				IPHONEOS_DEPLOYMENT_TARGET = 9.3;
				MTL_ENABLE_DEBUG_INFO = YES;
				ONLY_ACTIVE_ARCH = YES;
				SDKROOT = iphoneos;
			};
			name = Debug;
		};
		5BFFCE2B1D41B9A30066B1B9 /* Release */ = {
			isa = XCBuildConfiguration;
			buildSettings = {
				ALWAYS_SEARCH_USER_PATHS = NO;
				CLANG_ANALYZER_NONNULL = YES;
				CLANG_CXX_LANGUAGE_STANDARD = "gnu++0x";
				CLANG_CXX_LIBRARY = "libc++";
				CLANG_ENABLE_MODULES = YES;
				CLANG_ENABLE_OBJC_ARC = YES;
				CLANG_WARN_BOOL_CONVERSION = YES;
				CLANG_WARN_CONSTANT_CONVERSION = YES;
				CLANG_WARN_DIRECT_OBJC_ISA_USAGE = YES_ERROR;
				CLANG_WARN_EMPTY_BODY = YES;
				CLANG_WARN_ENUM_CONVERSION = YES;
				CLANG_WARN_INT_CONVERSION = YES;
				CLANG_WARN_OBJC_ROOT_CLASS = YES_ERROR;
				CLANG_WARN_UNREACHABLE_CODE = YES;
				CLANG_WARN__DUPLICATE_METHOD_MATCH = YES;
				"CODE_SIGN_IDENTITY[sdk=iphoneos*]" = "iPhone Developer";
				COPY_PHASE_STRIP = NO;
				DEBUG_INFORMATION_FORMAT = "dwarf-with-dsym";
				ENABLE_NS_ASSERTIONS = NO;
				ENABLE_STRICT_OBJC_MSGSEND = YES;
				GCC_C_LANGUAGE_STANDARD = gnu99;
				GCC_NO_COMMON_BLOCKS = YES;
				GCC_WARN_64_TO_32_BIT_CONVERSION = YES;
				GCC_WARN_ABOUT_RETURN_TYPE = YES_ERROR;
				GCC_WARN_UNDECLARED_SELECTOR = YES;
				GCC_WARN_UNINITIALIZED_AUTOS = YES_AGGRESSIVE;
				GCC_WARN_UNUSED_FUNCTION = YES;
				GCC_WARN_UNUSED_VARIABLE = YES;
				IPHONEOS_DEPLOYMENT_TARGET = 9.3;
				MTL_ENABLE_DEBUG_INFO = NO;
				SDKROOT = iphoneos;
				VALIDATE_PRODUCT = YES;
			};
			name = Release;
		};
		5BFFCE2D1D41B9A30066B1B9 /* Debug */ = {
			isa = XCBuildConfiguration;
			buildSettings = {
				ASSETCATALOG_COMPILER_APPICON_NAME = AppIcon;
				ASSETCATALOG_COMPILER_LAUNCHIMAGE_NAME = "Brand Assets";
				CODE_SIGN_IDENTITY = "iPhone Developer";
				"CODE_SIGN_IDENTITY[sdk=iphoneos*]" = "iPhone Developer";
				GCC_PRECOMPILE_PREFIX_HEADER = YES;
				GCC_PREFIX_HEADER = "$(SRCROOT)/THWY_Client/PrefixHeader.pch";
				INFOPLIST_FILE = THWY_Client/Info.plist;
				IPHONEOS_DEPLOYMENT_TARGET = 9.0;
				LD_RUNPATH_SEARCH_PATHS = "$(inherited) @executable_path/Frameworks";
				LIBRARY_SEARCH_PATHS = (
					"$(inherited)",
					"$(PROJECT_DIR)/THWY_Client/UMessage_Sdk_1.3.0",
				);
				PRODUCT_BUNDLE_IDENTIFIER = com.YTWY.home;
				PRODUCT_NAME = "$(TARGET_NAME)";
				PROVISIONING_PROFILE = "";
			};
			name = Debug;
		};
		5BFFCE2E1D41B9A30066B1B9 /* Release */ = {
			isa = XCBuildConfiguration;
			buildSettings = {
				ASSETCATALOG_COMPILER_APPICON_NAME = AppIcon;
				ASSETCATALOG_COMPILER_LAUNCHIMAGE_NAME = "Brand Assets";
				CODE_SIGN_IDENTITY = "iPhone Developer";
				"CODE_SIGN_IDENTITY[sdk=iphoneos*]" = "iPhone Developer";
				GCC_PRECOMPILE_PREFIX_HEADER = YES;
				GCC_PREFIX_HEADER = "$(SRCROOT)/THWY_Client/PrefixHeader.pch";
				INFOPLIST_FILE = THWY_Client/Info.plist;
				IPHONEOS_DEPLOYMENT_TARGET = 9.0;
				LD_RUNPATH_SEARCH_PATHS = "$(inherited) @executable_path/Frameworks";
				LIBRARY_SEARCH_PATHS = (
					"$(inherited)",
					"$(PROJECT_DIR)/THWY_Client/UMessage_Sdk_1.3.0",
				);
				PRODUCT_BUNDLE_IDENTIFIER = com.YTWY.home;
				PRODUCT_NAME = "$(TARGET_NAME)";
				PROVISIONING_PROFILE = "";
			};
			name = Release;
		};
/* End XCBuildConfiguration section */

/* Begin XCConfigurationList section */
		5BFFCE101D41B9A30066B1B9 /* Build configuration list for PBXProject "THWY_Client" */ = {
			isa = XCConfigurationList;
			buildConfigurations = (
				5BFFCE2A1D41B9A30066B1B9 /* Debug */,
				5BFFCE2B1D41B9A30066B1B9 /* Release */,
			);
			defaultConfigurationIsVisible = 0;
			defaultConfigurationName = Release;
		};
		5BFFCE2C1D41B9A30066B1B9 /* Build configuration list for PBXNativeTarget "THWY_Client" */ = {
			isa = XCConfigurationList;
			buildConfigurations = (
				5BFFCE2D1D41B9A30066B1B9 /* Debug */,
				5BFFCE2E1D41B9A30066B1B9 /* Release */,
			);
			defaultConfigurationIsVisible = 0;
			defaultConfigurationName = Release;
		};
/* End XCConfigurationList section */
	};
	rootObject = 5BFFCE0D1D41B9A30066B1B9 /* Project object */;
}
